PODS:
  - Alamofire (4.5.1)
  - BaiduMapKit (3.4.2)
  - HandyJSON (4.0.0-beta.1)
  - SnapKit (4.0.0)

DEPENDENCIES:
  - Alamofire
  - BaiduMapKit
  - HandyJSON (= 4.0.0-beta.1)
  - SnapKit

SPEC REPOS:
  https://github.com/cocoapods/specs.git:
    - Alamofire
    - BaiduMapKit
    - HandyJSON
    - SnapKit

SPEC CHECKSUMS:
  Alamofire: 2d95912bf4c34f164fdfc335872e8c312acaea4a
  BaiduMapKit: f61b19ecf07a3f2deede72b221b366bf698739ed
  HandyJSON: 428bb18e2c34c2a77361accebf90cf64e4f74118
  SnapKit: a42d492c16e80209130a3379f73596c3454b7694

PODFILE CHECKSUM: 7d0b345cca781367d4a2bda146506a8b3ba5e2cd

COCOAPODS: 1.5.3
