PODS:
  - Alamofire (4.7.3)
  - BaiduMapKit (4.2.0)
  - HandyJSON (4.0.0-beta.1)
  - RxSwift (4.3.1)
  - SnapKit (4.0.1)

DEPENDENCIES:
  - Alamofire
  - BaiduMapKit
  - HandyJSON (= 4.0.0-beta.1)
  - RxSwift
  - SnapKit

SPEC REPOS:
  https://github.com/cocoapods/specs.git:
    - Alamofire
    - BaiduMapKit
    - HandyJSON
    - RxSwift
    - SnapKit

SPEC CHECKSUMS:
  Alamofire: c7287b6e5d7da964a70935e5db17046b7fde6568
  BaiduMapKit: b6a8f31b3d2e4e5cad4084512a0d9a3878638272
  HandyJSON: 428bb18e2c34c2a77361accebf90cf64e4f74118
  RxSwift: fe0fd770a43acdb7d0a53da411c9b892e69bb6e4
  SnapKit: 0de968a9fec17499afa29683b05d0c775b6d1c29

PODFILE CHECKSUM: 2ece701edee1e78c6d97ac0ce26a3346504cadc9

COCOAPODS: 1.5.3
