// !$*UTF8*$!
{
	archiveVersion = 1;
	classes = {
	};
	objectVersion = 50;
	objects = {

/* Begin PBXBuildFile section */
		0710E336215FC26300540EC8 /* UITextViewExtension.swift in Sources */ = {isa = PBXBuildFile; fileRef = 0710E334215FC26300540EC8 /* UITextViewExtension.swift */; };
		0710E337215FC26300540EC8 /* UITextFieldExtension.swift in Sources */ = {isa = PBXBuildFile; fileRef = 0710E335215FC26300540EC8 /* UITextFieldExtension.swift */; };
		0710E33A2160F2A100540EC8 /* SZNavigationController.swift in Sources */ = {isa = PBXBuildFile; fileRef = 0710E3382160F2A000540EC8 /* SZNavigationController.swift */; };
		0710E33B2160F2A100540EC8 /* SZViewController.swift in Sources */ = {isa = PBXBuildFile; fileRef = 0710E3392160F2A100540EC8 /* SZViewController.swift */; };
		0710E3442160FC9600540EC8 /* PNPhotoModel.swift in Sources */ = {isa = PBXBuildFile; fileRef = 0710E3432160FC9600540EC8 /* PNPhotoModel.swift */; };
		0710E36C2161060000540EC8 /* NHHasSelectPhotosView.m in Sources */ = {isa = PBXBuildFile; fileRef = 0710E3472161060000540EC8 /* NHHasSelectPhotosView.m */; };
		0710E36D2161060000540EC8 /* NHPhotosPickerCollectionViewCell.m in Sources */ = {isa = PBXBuildFile; fileRef = 0710E3482161060000540EC8 /* NHPhotosPickerCollectionViewCell.m */; };
		0710E36E2161060000540EC8 /* NHHasSelectPhotoCollectionViewCell.m in Sources */ = {isa = PBXBuildFile; fileRef = 0710E34A2161060000540EC8 /* NHHasSelectPhotoCollectionViewCell.m */; };
		0710E36F2161060000540EC8 /* SXTakePhotoView.m in Sources */ = {isa = PBXBuildFile; fileRef = 0710E34C2161060000540EC8 /* SXTakePhotoView.m */; };
		0710E3702161060000540EC8 /* deleteIcon_white@3x.png in Resources */ = {isa = PBXBuildFile; fileRef = 0710E34F2161060000540EC8 /* deleteIcon_white@3x.png */; };
		0710E3712161060000540EC8 /* deleteIcon_white@2x.png in Resources */ = {isa = PBXBuildFile; fileRef = 0710E3502161060000540EC8 /* deleteIcon_white@2x.png */; };
		0710E3722161060000540EC8 /* deleteIcon_red@3x.png in Resources */ = {isa = PBXBuildFile; fileRef = 0710E3512161060000540EC8 /* deleteIcon_red@3x.png */; };
		0710E3732161060000540EC8 /* exchangeCameraIcon@3x.png in Resources */ = {isa = PBXBuildFile; fileRef = 0710E3522161060000540EC8 /* exchangeCameraIcon@3x.png */; };
		0710E3742161060000540EC8 /* exchangeCameraIcon@2x.png in Resources */ = {isa = PBXBuildFile; fileRef = 0710E3532161060000540EC8 /* exchangeCameraIcon@2x.png */; };
		0710E3752161060000540EC8 /* deleteIcon_red@2x.png in Resources */ = {isa = PBXBuildFile; fileRef = 0710E3542161060000540EC8 /* deleteIcon_red@2x.png */; };
		0710E3762161060000540EC8 /* cameraBtnIcon@2x.png in Resources */ = {isa = PBXBuildFile; fileRef = 0710E3552161060000540EC8 /* cameraBtnIcon@2x.png */; };
		0710E3772161060000540EC8 /* cameraBtnIcon@3x.png in Resources */ = {isa = PBXBuildFile; fileRef = 0710E3562161060000540EC8 /* cameraBtnIcon@3x.png */; };
		0710E3782161060000540EC8 /* SXCameraViewController.m in Sources */ = {isa = PBXBuildFile; fileRef = 0710E3572161060000540EC8 /* SXCameraViewController.m */; };
		0710E3792161060000540EC8 /* NHPhotoPickerModel.m in Sources */ = {isa = PBXBuildFile; fileRef = 0710E3592161060000540EC8 /* NHPhotoPickerModel.m */; };
		0710E37A2161060000540EC8 /* NHAlbumsView.m in Sources */ = {isa = PBXBuildFile; fileRef = 0710E35A2161060000540EC8 /* NHAlbumsView.m */; };
		0710E37B2161060000540EC8 /* NHAlbumsTableViewCell.m in Sources */ = {isa = PBXBuildFile; fileRef = 0710E35B2161060000540EC8 /* NHAlbumsTableViewCell.m */; };
		0710E37C2161060000540EC8 /* 上啦拉-箭头-拷贝@3x.png in Resources */ = {isa = PBXBuildFile; fileRef = 0710E35D2161060000540EC8 /* 上啦拉-箭头-拷贝@3x.png */; };
		0710E37D2161060000540EC8 /* 上啦拉-箭头-拷贝@2x.png in Resources */ = {isa = PBXBuildFile; fileRef = 0710E35E2161060000540EC8 /* 上啦拉-箭头-拷贝@2x.png */; };
		0710E37E2161060000540EC8 /* unselectIcon_white@2x.png in Resources */ = {isa = PBXBuildFile; fileRef = 0710E35F2161060000540EC8 /* unselectIcon_white@2x.png */; };
		0710E37F2161060000540EC8 /* 下拉-箭头@2x.png in Resources */ = {isa = PBXBuildFile; fileRef = 0710E3602161060000540EC8 /* 下拉-箭头@2x.png */; };
		0710E3802161060000540EC8 /* 下拉-箭头@3x.png in Resources */ = {isa = PBXBuildFile; fileRef = 0710E3612161060000540EC8 /* 下拉-箭头@3x.png */; };
		0710E3812161060000540EC8 /* unselectIcon_white@3x.png in Resources */ = {isa = PBXBuildFile; fileRef = 0710E3622161060000540EC8 /* unselectIcon_white@3x.png */; };
		0710E3822161060000540EC8 /* selectIcon_red@2x.png in Resources */ = {isa = PBXBuildFile; fileRef = 0710E3632161060000540EC8 /* selectIcon_red@2x.png */; };
		0710E3832161060000540EC8 /* selectIcon_red@3x.png in Resources */ = {isa = PBXBuildFile; fileRef = 0710E3642161060000540EC8 /* selectIcon_red@3x.png */; };
		0710E3842161060000540EC8 /* SXPhotoPickerViewController.m in Sources */ = {isa = PBXBuildFile; fileRef = 0710E3682161060000540EC8 /* SXPhotoPickerViewController.m */; };
		0710E386216108E200540EC8 /* Photos.framework in Frameworks */ = {isa = PBXBuildFile; fileRef = 0710E385216108E200540EC8 /* Photos.framework */; };
		0710E3882161091900540EC8 /* AVFoundation.framework in Frameworks */ = {isa = PBXBuildFile; fileRef = 0710E3872161091800540EC8 /* AVFoundation.framework */; };
		0710E38A2161160800540EC8 /* StringExtension.swift in Sources */ = {isa = PBXBuildFile; fileRef = 0710E3892161160800540EC8 /* StringExtension.swift */; };
		07A9FAC7216CE5C600CE3DFF /* PNLocation.swift in Sources */ = {isa = PBXBuildFile; fileRef = 07A9FAC6216CE5C600CE3DFF /* PNLocation.swift */; };
		07A9FAC9216CE84400CE3DFF /* PNPublishLoationViewController.swift in Sources */ = {isa = PBXBuildFile; fileRef = 07A9FAC8216CE84400CE3DFF /* PNPublishLoationViewController.swift */; };
		07A9FACB216CEF8E00CE3DFF /* PNHud.swift in Sources */ = {isa = PBXBuildFile; fileRef = 07A9FACA216CEF8E00CE3DFF /* PNHud.swift */; };
		07A9FACE216E29B600CE3DFF /* PNLoginViewModel.swift in Sources */ = {isa = PBXBuildFile; fileRef = 07A9FACD216E29B600CE3DFF /* PNLoginViewModel.swift */; };
		07A9FAD0216E2CCC00CE3DFF /* PNLoginModel.swift in Sources */ = {isa = PBXBuildFile; fileRef = 07A9FACF216E2CCC00CE3DFF /* PNLoginModel.swift */; };
		07A9FAD3216E394000CE3DFF /* PNPublishViewModel.swift in Sources */ = {isa = PBXBuildFile; fileRef = 07A9FAD2216E394000CE3DFF /* PNPublishViewModel.swift */; };
		07A9FAD6216E449A00CE3DFF /* PNPagesModel.swift in Sources */ = {isa = PBXBuildFile; fileRef = 07A9FAD5216E449A00CE3DFF /* PNPagesModel.swift */; };
		07A9FAD9216E45F600CE3DFF /* PNTagsViewModel.swift in Sources */ = {isa = PBXBuildFile; fileRef = 07A9FAD8216E45F600CE3DFF /* PNTagsViewModel.swift */; };
		07A9FADB216E469000CE3DFF /* PNPageParams.swift in Sources */ = {isa = PBXBuildFile; fileRef = 07A9FADA216E469000CE3DFF /* PNPageParams.swift */; };
		07A9FADD216E478500CE3DFF /* PNGetTagsListModel.swift in Sources */ = {isa = PBXBuildFile; fileRef = 07A9FADC216E478500CE3DFF /* PNGetTagsListModel.swift */; };
		182823B4216B2ABA007ED877 /* PNMapView.swift in Sources */ = {isa = PBXBuildFile; fileRef = 182823B3216B2ABA007ED877 /* PNMapView.swift */; };
		182823B6216B3036007ED877 /* CoreLocation.framework in Frameworks */ = {isa = PBXBuildFile; fileRef = 182823B5216B3036007ED877 /* CoreLocation.framework */; };
		182823B8216B303F007ED877 /* QuartzCore.framework in Frameworks */ = {isa = PBXBuildFile; fileRef = 182823B7216B303F007ED877 /* QuartzCore.framework */; };
		182823BA216B3047007ED877 /* OpenGLES.framework in Frameworks */ = {isa = PBXBuildFile; fileRef = 182823B9216B3047007ED877 /* OpenGLES.framework */; };
		182823BC216B3050007ED877 /* SystemConfiguration.framework in Frameworks */ = {isa = PBXBuildFile; fileRef = 182823BB216B3050007ED877 /* SystemConfiguration.framework */; };
		182823BE216B3059007ED877 /* CoreGraphics.framework in Frameworks */ = {isa = PBXBuildFile; fileRef = 182823BD216B3058007ED877 /* CoreGraphics.framework */; };
		182823C0216B3064007ED877 /* Security.framework in Frameworks */ = {isa = PBXBuildFile; fileRef = 182823BF216B3064007ED877 /* Security.framework */; };
		182823C2216B3070007ED877 /* libsqlite3.0.tbd in Frameworks */ = {isa = PBXBuildFile; fileRef = 182823C1216B3070007ED877 /* libsqlite3.0.tbd */; };
		182823C4216B307A007ED877 /* CoreTelephony.framework in Frameworks */ = {isa = PBXBuildFile; fileRef = 182823C3216B307A007ED877 /* CoreTelephony.framework */; };
		182823C6216B3086007ED877 /* libstdc++.6.0.9.tbd in Frameworks */ = {isa = PBXBuildFile; fileRef = 182823C5216B3086007ED877 /* libstdc++.6.0.9.tbd */; };
		182823C7216B30A9007ED877 /* libcrypto.a in Frameworks */ = {isa = PBXBuildFile; fileRef = 185869D9215C8FA00073BAAE /* libcrypto.a */; };
		182823C8216B30B9007ED877 /* libssl.a in Frameworks */ = {isa = PBXBuildFile; fileRef = 185869DB215C8FB00073BAAE /* libssl.a */; };
		182823D0216B5691007ED877 /* mapapi.bundle in Resources */ = {isa = PBXBuildFile; fileRef = 182823CF216B5691007ED877 /* mapapi.bundle */; };
		18282404216C954F007ED877 /* PNPlaceModel.swift in Sources */ = {isa = PBXBuildFile; fileRef = 18282403216C954F007ED877 /* PNPlaceModel.swift */; };
		18282406216C96DA007ED877 /* PNAnnotation.swift in Sources */ = {isa = PBXBuildFile; fileRef = 18282405216C96DA007ED877 /* PNAnnotation.swift */; };
		18282408216C99B8007ED877 /* PNAnnotationView.swift in Sources */ = {isa = PBXBuildFile; fileRef = 18282407216C99B8007ED877 /* PNAnnotationView.swift */; };
		1828240A216CA590007ED877 /* PNPaopaoView.swift in Sources */ = {isa = PBXBuildFile; fileRef = 18282409216CA590007ED877 /* PNPaopaoView.swift */; };
		18282411216DA863007ED877 /* PNLoginViewController.swift in Sources */ = {isa = PBXBuildFile; fileRef = 18282410216DA863007ED877 /* PNLoginViewController.swift */; };
		18282416216DA8DD007ED877 /* PNUser.swift in Sources */ = {isa = PBXBuildFile; fileRef = 18282415216DA8DD007ED877 /* PNUser.swift */; };
		18282418216DAF48007ED877 /* PNLoginView.swift in Sources */ = {isa = PBXBuildFile; fileRef = 18282417216DAF48007ED877 /* PNLoginView.swift */; };
		1828241C216DF649007ED877 /* UIViewControllerExtension.swift in Sources */ = {isa = PBXBuildFile; fileRef = 1828241B216DF649007ED877 /* UIViewControllerExtension.swift */; };
		1828241E216DFA33007ED877 /* MapKit.framework in Frameworks */ = {isa = PBXBuildFile; fileRef = 1828241D216DFA32007ED877 /* MapKit.framework */; };
		185869A1215C71880073BAAE /* AppDelegate.swift in Sources */ = {isa = PBXBuildFile; fileRef = 185869A0215C71880073BAAE /* AppDelegate.swift */; };
		185869A8215C71890073BAAE /* Assets.xcassets in Resources */ = {isa = PBXBuildFile; fileRef = 185869A7215C71890073BAAE /* Assets.xcassets */; };
		185869B6215C71890073BAAE /* PlacesNearTests.swift in Sources */ = {isa = PBXBuildFile; fileRef = 185869B5215C71890073BAAE /* PlacesNearTests.swift */; };
		185869C1215C71890073BAAE /* PlacesNearUITests.swift in Sources */ = {isa = PBXBuildFile; fileRef = 185869C0215C71890073BAAE /* PlacesNearUITests.swift */; };
		185869D0215C71D10073BAAE /* PNHomeViewController.swift in Sources */ = {isa = PBXBuildFile; fileRef = 185869CF215C71D10073BAAE /* PNHomeViewController.swift */; };
		185869D7215C803D0073BAAE /* Constant.swift in Sources */ = {isa = PBXBuildFile; fileRef = 185869D6215C803D0073BAAE /* Constant.swift */; };
		18586A35215DF8B80073BAAE /* PNHomeView.swift in Sources */ = {isa = PBXBuildFile; fileRef = 18586A34215DF8B80073BAAE /* PNHomeView.swift */; };
		18DF3D14215E0D8F00514E89 /* PNAnimationButton.swift in Sources */ = {isa = PBXBuildFile; fileRef = 18DF3D13215E0D8F00514E89 /* PNAnimationButton.swift */; };
		18DF3D16215E27BA00514E89 /* PNDistanceRulerView.swift in Sources */ = {isa = PBXBuildFile; fileRef = 18DF3D15215E27BA00514E89 /* PNDistanceRulerView.swift */; };
		18DF3D18215F0D4900514E89 /* PNTagsView.swift in Sources */ = {isa = PBXBuildFile; fileRef = 18DF3D17215F0D4900514E89 /* PNTagsView.swift */; };
		18DF3D1E215F0E3900514E89 /* SXModel.swift in Sources */ = {isa = PBXBuildFile; fileRef = 18DF3D1C215F0E3900514E89 /* SXModel.swift */; };
		18DF3D1F215F0E3900514E89 /* SXRequest.swift in Sources */ = {isa = PBXBuildFile; fileRef = 18DF3D1D215F0E3900514E89 /* SXRequest.swift */; };
		18DF3D24215F24A300514E89 /* PNTagsViewController.swift in Sources */ = {isa = PBXBuildFile; fileRef = 18DF3D23215F24A300514E89 /* PNTagsViewController.swift */; };
		18DF3D26215F25E700514E89 /* PNTagsTableViewCell.swift in Sources */ = {isa = PBXBuildFile; fileRef = 18DF3D25215F25E700514E89 /* PNTagsTableViewCell.swift */; };
		18DF3D2B215F486E00514E89 /* PNPublishViewController.swift in Sources */ = {isa = PBXBuildFile; fileRef = 18DF3D2A215F486E00514E89 /* PNPublishViewController.swift */; };
		18DF3D2D215F4B5D00514E89 /* PNSubmitButton.swift in Sources */ = {isa = PBXBuildFile; fileRef = 18DF3D2C215F4B5D00514E89 /* PNSubmitButton.swift */; };
		18DF3D2F215F526800514E89 /* PNPublishView.swift in Sources */ = {isa = PBXBuildFile; fileRef = 18DF3D2E215F526800514E89 /* PNPublishView.swift */; };
		5F3839C3AC5C5296BF1E90D0 /* Pods_PlacesNearUITests.framework in Frameworks */ = {isa = PBXBuildFile; fileRef = A4ED9A5A4F5838AE783902B5 /* Pods_PlacesNearUITests.framework */; };
		9926660A023B9291082AE44A /* Pods_PlacesNearTests.framework in Frameworks */ = {isa = PBXBuildFile; fileRef = 103B54AC3069FF5CBBA250D8 /* Pods_PlacesNearTests.framework */; };
		EF17E0B781A47A7F978D9E98 /* Pods_PlacesNear.framework in Frameworks */ = {isa = PBXBuildFile; fileRef = E2C78E24DA1C933D4C9284E1 /* Pods_PlacesNear.framework */; };
/* End PBXBuildFile section */

/* Begin PBXContainerItemProxy section */
		185869B2215C71890073BAAE /* PBXContainerItemProxy */ = {
			isa = PBXContainerItemProxy;
			containerPortal = 18586995215C71880073BAAE /* Project object */;
			proxyType = 1;
			remoteGlobalIDString = 1858699C215C71880073BAAE;
			remoteInfo = PlacesNear;
		};
		185869BD215C71890073BAAE /* PBXContainerItemProxy */ = {
			isa = PBXContainerItemProxy;
			containerPortal = 18586995215C71880073BAAE /* Project object */;
			proxyType = 1;
			remoteGlobalIDString = 1858699C215C71880073BAAE;
			remoteInfo = PlacesNear;
		};
/* End PBXContainerItemProxy section */

/* Begin PBXFileReference section */
		0710E334215FC26300540EC8 /* UITextViewExtension.swift */ = {isa = PBXFileReference; fileEncoding = 4; lastKnownFileType = sourcecode.swift; path = UITextViewExtension.swift; sourceTree = "<group>"; };
		0710E335215FC26300540EC8 /* UITextFieldExtension.swift */ = {isa = PBXFileReference; fileEncoding = 4; lastKnownFileType = sourcecode.swift; path = UITextFieldExtension.swift; sourceTree = "<group>"; };
		0710E3382160F2A000540EC8 /* SZNavigationController.swift */ = {isa = PBXFileReference; fileEncoding = 4; lastKnownFileType = sourcecode.swift; path = SZNavigationController.swift; sourceTree = "<group>"; };
		0710E3392160F2A100540EC8 /* SZViewController.swift */ = {isa = PBXFileReference; fileEncoding = 4; lastKnownFileType = sourcecode.swift; path = SZViewController.swift; sourceTree = "<group>"; };
		0710E3432160FC9600540EC8 /* PNPhotoModel.swift */ = {isa = PBXFileReference; lastKnownFileType = sourcecode.swift; path = PNPhotoModel.swift; sourceTree = "<group>"; };
		0710E3472161060000540EC8 /* NHHasSelectPhotosView.m */ = {isa = PBXFileReference; fileEncoding = 4; lastKnownFileType = sourcecode.c.objc; path = NHHasSelectPhotosView.m; sourceTree = "<group>"; };
		0710E3482161060000540EC8 /* NHPhotosPickerCollectionViewCell.m */ = {isa = PBXFileReference; fileEncoding = 4; lastKnownFileType = sourcecode.c.objc; path = NHPhotosPickerCollectionViewCell.m; sourceTree = "<group>"; };
		0710E3492161060000540EC8 /* SXPhotoPickerViewController.h */ = {isa = PBXFileReference; fileEncoding = 4; lastKnownFileType = sourcecode.c.h; path = SXPhotoPickerViewController.h; sourceTree = "<group>"; };
		0710E34A2161060000540EC8 /* NHHasSelectPhotoCollectionViewCell.m */ = {isa = PBXFileReference; fileEncoding = 4; lastKnownFileType = sourcecode.c.objc; path = NHHasSelectPhotoCollectionViewCell.m; sourceTree = "<group>"; };
		0710E34C2161060000540EC8 /* SXTakePhotoView.m */ = {isa = PBXFileReference; fileEncoding = 4; lastKnownFileType = sourcecode.c.objc; path = SXTakePhotoView.m; sourceTree = "<group>"; };
		0710E34D2161060000540EC8 /* SXCameraViewController.h */ = {isa = PBXFileReference; fileEncoding = 4; lastKnownFileType = sourcecode.c.h; path = SXCameraViewController.h; sourceTree = "<group>"; };
		0710E34F2161060000540EC8 /* deleteIcon_white@3x.png */ = {isa = PBXFileReference; lastKnownFileType = image.png; path = "deleteIcon_white@3x.png"; sourceTree = "<group>"; };
		0710E3502161060000540EC8 /* deleteIcon_white@2x.png */ = {isa = PBXFileReference; lastKnownFileType = image.png; path = "deleteIcon_white@2x.png"; sourceTree = "<group>"; };
		0710E3512161060000540EC8 /* deleteIcon_red@3x.png */ = {isa = PBXFileReference; lastKnownFileType = image.png; path = "deleteIcon_red@3x.png"; sourceTree = "<group>"; };
		0710E3522161060000540EC8 /* exchangeCameraIcon@3x.png */ = {isa = PBXFileReference; lastKnownFileType = image.png; path = "exchangeCameraIcon@3x.png"; sourceTree = "<group>"; };
		0710E3532161060000540EC8 /* exchangeCameraIcon@2x.png */ = {isa = PBXFileReference; lastKnownFileType = image.png; path = "exchangeCameraIcon@2x.png"; sourceTree = "<group>"; };
		0710E3542161060000540EC8 /* deleteIcon_red@2x.png */ = {isa = PBXFileReference; lastKnownFileType = image.png; path = "deleteIcon_red@2x.png"; sourceTree = "<group>"; };
		0710E3552161060000540EC8 /* cameraBtnIcon@2x.png */ = {isa = PBXFileReference; lastKnownFileType = image.png; path = "cameraBtnIcon@2x.png"; sourceTree = "<group>"; };
		0710E3562161060000540EC8 /* cameraBtnIcon@3x.png */ = {isa = PBXFileReference; lastKnownFileType = image.png; path = "cameraBtnIcon@3x.png"; sourceTree = "<group>"; };
		0710E3572161060000540EC8 /* SXCameraViewController.m */ = {isa = PBXFileReference; fileEncoding = 4; lastKnownFileType = sourcecode.c.objc; path = SXCameraViewController.m; sourceTree = "<group>"; };
		0710E3582161060000540EC8 /* SXTakePhotoView.h */ = {isa = PBXFileReference; fileEncoding = 4; lastKnownFileType = sourcecode.c.h; path = SXTakePhotoView.h; sourceTree = "<group>"; };
		0710E3592161060000540EC8 /* NHPhotoPickerModel.m */ = {isa = PBXFileReference; fileEncoding = 4; lastKnownFileType = sourcecode.c.objc; path = NHPhotoPickerModel.m; sourceTree = "<group>"; };
		0710E35A2161060000540EC8 /* NHAlbumsView.m */ = {isa = PBXFileReference; fileEncoding = 4; lastKnownFileType = sourcecode.c.objc; path = NHAlbumsView.m; sourceTree = "<group>"; };
		0710E35B2161060000540EC8 /* NHAlbumsTableViewCell.m */ = {isa = PBXFileReference; fileEncoding = 4; lastKnownFileType = sourcecode.c.objc; path = NHAlbumsTableViewCell.m; sourceTree = "<group>"; };
		0710E35D2161060000540EC8 /* 上啦拉-箭头-拷贝@3x.png */ = {isa = PBXFileReference; lastKnownFileType = image.png; path = "上啦拉-箭头-拷贝@3x.png"; sourceTree = "<group>"; };
		0710E35E2161060000540EC8 /* 上啦拉-箭头-拷贝@2x.png */ = {isa = PBXFileReference; lastKnownFileType = image.png; path = "上啦拉-箭头-拷贝@2x.png"; sourceTree = "<group>"; };
		0710E35F2161060000540EC8 /* unselectIcon_white@2x.png */ = {isa = PBXFileReference; lastKnownFileType = image.png; path = "unselectIcon_white@2x.png"; sourceTree = "<group>"; };
		0710E3602161060000540EC8 /* 下拉-箭头@2x.png */ = {isa = PBXFileReference; lastKnownFileType = image.png; path = "下拉-箭头@2x.png"; sourceTree = "<group>"; };
		0710E3612161060000540EC8 /* 下拉-箭头@3x.png */ = {isa = PBXFileReference; lastKnownFileType = image.png; path = "下拉-箭头@3x.png"; sourceTree = "<group>"; };
		0710E3622161060000540EC8 /* unselectIcon_white@3x.png */ = {isa = PBXFileReference; lastKnownFileType = image.png; path = "unselectIcon_white@3x.png"; sourceTree = "<group>"; };
		0710E3632161060000540EC8 /* selectIcon_red@2x.png */ = {isa = PBXFileReference; lastKnownFileType = image.png; path = "selectIcon_red@2x.png"; sourceTree = "<group>"; };
		0710E3642161060000540EC8 /* selectIcon_red@3x.png */ = {isa = PBXFileReference; lastKnownFileType = image.png; path = "selectIcon_red@3x.png"; sourceTree = "<group>"; };
		0710E3652161060000540EC8 /* NHHasSelectPhotosView.h */ = {isa = PBXFileReference; fileEncoding = 4; lastKnownFileType = sourcecode.c.h; path = NHHasSelectPhotosView.h; sourceTree = "<group>"; };
		0710E3662161060000540EC8 /* NHPhotosPickerCollectionViewCell.h */ = {isa = PBXFileReference; fileEncoding = 4; lastKnownFileType = sourcecode.c.h; path = NHPhotosPickerCollectionViewCell.h; sourceTree = "<group>"; };
		0710E3672161060000540EC8 /* NHHasSelectPhotoCollectionViewCell.h */ = {isa = PBXFileReference; fileEncoding = 4; lastKnownFileType = sourcecode.c.h; path = NHHasSelectPhotoCollectionViewCell.h; sourceTree = "<group>"; };
		0710E3682161060000540EC8 /* SXPhotoPickerViewController.m */ = {isa = PBXFileReference; fileEncoding = 4; lastKnownFileType = sourcecode.c.objc; path = SXPhotoPickerViewController.m; sourceTree = "<group>"; };
		0710E3692161060000540EC8 /* NHAlbumsView.h */ = {isa = PBXFileReference; fileEncoding = 4; lastKnownFileType = sourcecode.c.h; path = NHAlbumsView.h; sourceTree = "<group>"; };
		0710E36A2161060000540EC8 /* NHPhotoPickerModel.h */ = {isa = PBXFileReference; fileEncoding = 4; lastKnownFileType = sourcecode.c.h; path = NHPhotoPickerModel.h; sourceTree = "<group>"; };
		0710E36B2161060000540EC8 /* NHAlbumsTableViewCell.h */ = {isa = PBXFileReference; fileEncoding = 4; lastKnownFileType = sourcecode.c.h; path = NHAlbumsTableViewCell.h; sourceTree = "<group>"; };
		0710E385216108E200540EC8 /* Photos.framework */ = {isa = PBXFileReference; lastKnownFileType = wrapper.framework; name = Photos.framework; path = System/Library/Frameworks/Photos.framework; sourceTree = SDKROOT; };
		0710E3872161091800540EC8 /* AVFoundation.framework */ = {isa = PBXFileReference; lastKnownFileType = wrapper.framework; name = AVFoundation.framework; path = System/Library/Frameworks/AVFoundation.framework; sourceTree = SDKROOT; };
		0710E3892161160800540EC8 /* StringExtension.swift */ = {isa = PBXFileReference; lastKnownFileType = sourcecode.swift; path = StringExtension.swift; sourceTree = "<group>"; };
		07A9FAC6216CE5C600CE3DFF /* PNLocation.swift */ = {isa = PBXFileReference; lastKnownFileType = sourcecode.swift; path = PNLocation.swift; sourceTree = "<group>"; };
		07A9FAC8216CE84400CE3DFF /* PNPublishLoationViewController.swift */ = {isa = PBXFileReference; lastKnownFileType = sourcecode.swift; path = PNPublishLoationViewController.swift; sourceTree = "<group>"; };
		07A9FACA216CEF8E00CE3DFF /* PNHud.swift */ = {isa = PBXFileReference; lastKnownFileType = sourcecode.swift; path = PNHud.swift; sourceTree = "<group>"; };
		07A9FACD216E29B600CE3DFF /* PNLoginViewModel.swift */ = {isa = PBXFileReference; lastKnownFileType = sourcecode.swift; path = PNLoginViewModel.swift; sourceTree = "<group>"; };
		07A9FACF216E2CCC00CE3DFF /* PNLoginModel.swift */ = {isa = PBXFileReference; lastKnownFileType = sourcecode.swift; path = PNLoginModel.swift; sourceTree = "<group>"; };
		07A9FAD2216E394000CE3DFF /* PNPublishViewModel.swift */ = {isa = PBXFileReference; lastKnownFileType = sourcecode.swift; path = PNPublishViewModel.swift; sourceTree = "<group>"; };
		07A9FAD5216E449A00CE3DFF /* PNPagesModel.swift */ = {isa = PBXFileReference; lastKnownFileType = sourcecode.swift; path = PNPagesModel.swift; sourceTree = "<group>"; };
		07A9FAD8216E45F600CE3DFF /* PNTagsViewModel.swift */ = {isa = PBXFileReference; lastKnownFileType = sourcecode.swift; path = PNTagsViewModel.swift; sourceTree = "<group>"; };
		07A9FADA216E469000CE3DFF /* PNPageParams.swift */ = {isa = PBXFileReference; lastKnownFileType = sourcecode.swift; path = PNPageParams.swift; sourceTree = "<group>"; };
		07A9FADC216E478500CE3DFF /* PNGetTagsListModel.swift */ = {isa = PBXFileReference; lastKnownFileType = sourcecode.swift; path = PNGetTagsListModel.swift; sourceTree = "<group>"; };
		0CFC47869785D030F8EED2AA /* Pods-PlacesNear.debug.xcconfig */ = {isa = PBXFileReference; includeInIndex = 1; lastKnownFileType = text.xcconfig; name = "Pods-PlacesNear.debug.xcconfig"; path = "Pods/Target Support Files/Pods-PlacesNear/Pods-PlacesNear.debug.xcconfig"; sourceTree = "<group>"; };
		103B54AC3069FF5CBBA250D8 /* Pods_PlacesNearTests.framework */ = {isa = PBXFileReference; explicitFileType = wrapper.framework; includeInIndex = 0; path = Pods_PlacesNearTests.framework; sourceTree = BUILT_PRODUCTS_DIR; };
		182823B3216B2ABA007ED877 /* PNMapView.swift */ = {isa = PBXFileReference; lastKnownFileType = sourcecode.swift; path = PNMapView.swift; sourceTree = "<group>"; };
		182823B5216B3036007ED877 /* CoreLocation.framework */ = {isa = PBXFileReference; lastKnownFileType = wrapper.framework; name = CoreLocation.framework; path = System/Library/Frameworks/CoreLocation.framework; sourceTree = SDKROOT; };
		182823B7216B303F007ED877 /* QuartzCore.framework */ = {isa = PBXFileReference; lastKnownFileType = wrapper.framework; name = QuartzCore.framework; path = System/Library/Frameworks/QuartzCore.framework; sourceTree = SDKROOT; };
		182823B9216B3047007ED877 /* OpenGLES.framework */ = {isa = PBXFileReference; lastKnownFileType = wrapper.framework; name = OpenGLES.framework; path = System/Library/Frameworks/OpenGLES.framework; sourceTree = SDKROOT; };
		182823BB216B3050007ED877 /* SystemConfiguration.framework */ = {isa = PBXFileReference; lastKnownFileType = wrapper.framework; name = SystemConfiguration.framework; path = System/Library/Frameworks/SystemConfiguration.framework; sourceTree = SDKROOT; };
		182823BD216B3058007ED877 /* CoreGraphics.framework */ = {isa = PBXFileReference; lastKnownFileType = wrapper.framework; name = CoreGraphics.framework; path = System/Library/Frameworks/CoreGraphics.framework; sourceTree = SDKROOT; };
		182823BF216B3064007ED877 /* Security.framework */ = {isa = PBXFileReference; lastKnownFileType = wrapper.framework; name = Security.framework; path = System/Library/Frameworks/Security.framework; sourceTree = SDKROOT; };
		182823C1216B3070007ED877 /* libsqlite3.0.tbd */ = {isa = PBXFileReference; lastKnownFileType = "sourcecode.text-based-dylib-definition"; name = libsqlite3.0.tbd; path = usr/lib/libsqlite3.0.tbd; sourceTree = SDKROOT; };
		182823C3216B307A007ED877 /* CoreTelephony.framework */ = {isa = PBXFileReference; lastKnownFileType = wrapper.framework; name = CoreTelephony.framework; path = System/Library/Frameworks/CoreTelephony.framework; sourceTree = SDKROOT; };
		182823C5216B3086007ED877 /* libstdc++.6.0.9.tbd */ = {isa = PBXFileReference; lastKnownFileType = "sourcecode.text-based-dylib-definition"; name = "libstdc++.6.0.9.tbd"; path = "usr/lib/libstdc++.6.0.9.tbd"; sourceTree = SDKROOT; };
		182823CF216B5691007ED877 /* mapapi.bundle */ = {isa = PBXFileReference; lastKnownFileType = "wrapper.plug-in"; name = mapapi.bundle; path = Pods/BaiduMapKit/BaiduMapKit/BaiduMapAPI_Map.framework/Resources/mapapi.bundle; sourceTree = SOURCE_ROOT; };
		18282403216C954F007ED877 /* PNPlaceModel.swift */ = {isa = PBXFileReference; lastKnownFileType = sourcecode.swift; path = PNPlaceModel.swift; sourceTree = "<group>"; };
		18282405216C96DA007ED877 /* PNAnnotation.swift */ = {isa = PBXFileReference; lastKnownFileType = sourcecode.swift; path = PNAnnotation.swift; sourceTree = "<group>"; };
		18282407216C99B8007ED877 /* PNAnnotationView.swift */ = {isa = PBXFileReference; lastKnownFileType = sourcecode.swift; path = PNAnnotationView.swift; sourceTree = "<group>"; };
		18282409216CA590007ED877 /* PNPaopaoView.swift */ = {isa = PBXFileReference; lastKnownFileType = sourcecode.swift; path = PNPaopaoView.swift; sourceTree = "<group>"; };
		18282410216DA863007ED877 /* PNLoginViewController.swift */ = {isa = PBXFileReference; lastKnownFileType = sourcecode.swift; path = PNLoginViewController.swift; sourceTree = "<group>"; };
		18282415216DA8DD007ED877 /* PNUser.swift */ = {isa = PBXFileReference; lastKnownFileType = sourcecode.swift; path = PNUser.swift; sourceTree = "<group>"; };
		18282417216DAF48007ED877 /* PNLoginView.swift */ = {isa = PBXFileReference; lastKnownFileType = sourcecode.swift; path = PNLoginView.swift; sourceTree = "<group>"; };
		1828241B216DF649007ED877 /* UIViewControllerExtension.swift */ = {isa = PBXFileReference; lastKnownFileType = sourcecode.swift; path = UIViewControllerExtension.swift; sourceTree = "<group>"; };
		1828241D216DFA32007ED877 /* MapKit.framework */ = {isa = PBXFileReference; lastKnownFileType = wrapper.framework; name = MapKit.framework; path = System/Library/Frameworks/MapKit.framework; sourceTree = SDKROOT; };
		1858699D215C71880073BAAE /* PlacesNear.app */ = {isa = PBXFileReference; explicitFileType = wrapper.application; includeInIndex = 0; path = PlacesNear.app; sourceTree = BUILT_PRODUCTS_DIR; };
		185869A0215C71880073BAAE /* AppDelegate.swift */ = {isa = PBXFileReference; lastKnownFileType = sourcecode.swift; path = AppDelegate.swift; sourceTree = "<group>"; };
		185869A7215C71890073BAAE /* Assets.xcassets */ = {isa = PBXFileReference; lastKnownFileType = folder.assetcatalog; path = Assets.xcassets; sourceTree = "<group>"; };
		185869AC215C71890073BAAE /* Info.plist */ = {isa = PBXFileReference; lastKnownFileType = text.plist.xml; path = Info.plist; sourceTree = "<group>"; };
		185869B1215C71890073BAAE /* PlacesNearTests.xctest */ = {isa = PBXFileReference; explicitFileType = wrapper.cfbundle; includeInIndex = 0; path = PlacesNearTests.xctest; sourceTree = BUILT_PRODUCTS_DIR; };
		185869B5215C71890073BAAE /* PlacesNearTests.swift */ = {isa = PBXFileReference; lastKnownFileType = sourcecode.swift; path = PlacesNearTests.swift; sourceTree = "<group>"; };
		185869B7215C71890073BAAE /* Info.plist */ = {isa = PBXFileReference; lastKnownFileType = text.plist.xml; path = Info.plist; sourceTree = "<group>"; };
		185869BC215C71890073BAAE /* PlacesNearUITests.xctest */ = {isa = PBXFileReference; explicitFileType = wrapper.cfbundle; includeInIndex = 0; path = PlacesNearUITests.xctest; sourceTree = BUILT_PRODUCTS_DIR; };
		185869C0215C71890073BAAE /* PlacesNearUITests.swift */ = {isa = PBXFileReference; lastKnownFileType = sourcecode.swift; path = PlacesNearUITests.swift; sourceTree = "<group>"; };
		185869C2215C71890073BAAE /* Info.plist */ = {isa = PBXFileReference; lastKnownFileType = text.plist.xml; path = Info.plist; sourceTree = "<group>"; };
		185869CF215C71D10073BAAE /* PNHomeViewController.swift */ = {isa = PBXFileReference; lastKnownFileType = sourcecode.swift; path = PNHomeViewController.swift; sourceTree = "<group>"; };
		185869D1215C7FC20073BAAE /* SnapKit.framework */ = {isa = PBXFileReference; explicitFileType = wrapper.framework; path = SnapKit.framework; sourceTree = BUILT_PRODUCTS_DIR; };
		185869D3215C7FCA0073BAAE /* Alamofire.framework */ = {isa = PBXFileReference; explicitFileType = wrapper.framework; path = Alamofire.framework; sourceTree = BUILT_PRODUCTS_DIR; };
		185869D6215C803D0073BAAE /* Constant.swift */ = {isa = PBXFileReference; lastKnownFileType = sourcecode.swift; path = Constant.swift; sourceTree = "<group>"; };
		185869D8215C84A10073BAAE /* PlacesNear-Bridging-Header.h */ = {isa = PBXFileReference; lastKnownFileType = sourcecode.c.h; path = "PlacesNear-Bridging-Header.h"; sourceTree = "<group>"; };
		185869D9215C8FA00073BAAE /* libcrypto.a */ = {isa = PBXFileReference; lastKnownFileType = archive.ar; name = libcrypto.a; path = Pods/BaiduMapKit/BaiduMapKit/thirdlibs/libcrypto.a; sourceTree = "<group>"; };
		185869DB215C8FB00073BAAE /* libssl.a */ = {isa = PBXFileReference; lastKnownFileType = archive.ar; name = libssl.a; path = Pods/BaiduMapKit/BaiduMapKit/thirdlibs/libssl.a; sourceTree = "<group>"; };
		18586A34215DF8B80073BAAE /* PNHomeView.swift */ = {isa = PBXFileReference; lastKnownFileType = sourcecode.swift; path = PNHomeView.swift; sourceTree = "<group>"; };
		18DF3D13215E0D8F00514E89 /* PNAnimationButton.swift */ = {isa = PBXFileReference; lastKnownFileType = sourcecode.swift; path = PNAnimationButton.swift; sourceTree = "<group>"; };
		18DF3D15215E27BA00514E89 /* PNDistanceRulerView.swift */ = {isa = PBXFileReference; lastKnownFileType = sourcecode.swift; path = PNDistanceRulerView.swift; sourceTree = "<group>"; };
		18DF3D17215F0D4900514E89 /* PNTagsView.swift */ = {isa = PBXFileReference; lastKnownFileType = sourcecode.swift; path = PNTagsView.swift; sourceTree = "<group>"; };
		18DF3D1C215F0E3900514E89 /* SXModel.swift */ = {isa = PBXFileReference; fileEncoding = 4; lastKnownFileType = sourcecode.swift; path = SXModel.swift; sourceTree = "<group>"; };
		18DF3D1D215F0E3900514E89 /* SXRequest.swift */ = {isa = PBXFileReference; fileEncoding = 4; lastKnownFileType = sourcecode.swift; path = SXRequest.swift; sourceTree = "<group>"; };
		18DF3D23215F24A300514E89 /* PNTagsViewController.swift */ = {isa = PBXFileReference; lastKnownFileType = sourcecode.swift; path = PNTagsViewController.swift; sourceTree = "<group>"; };
		18DF3D25215F25E700514E89 /* PNTagsTableViewCell.swift */ = {isa = PBXFileReference; lastKnownFileType = sourcecode.swift; path = PNTagsTableViewCell.swift; sourceTree = "<group>"; };
		18DF3D2A215F486E00514E89 /* PNPublishViewController.swift */ = {isa = PBXFileReference; lastKnownFileType = sourcecode.swift; path = PNPublishViewController.swift; sourceTree = "<group>"; };
		18DF3D2C215F4B5D00514E89 /* PNSubmitButton.swift */ = {isa = PBXFileReference; lastKnownFileType = sourcecode.swift; path = PNSubmitButton.swift; sourceTree = "<group>"; };
		18DF3D2E215F526800514E89 /* PNPublishView.swift */ = {isa = PBXFileReference; lastKnownFileType = sourcecode.swift; path = PNPublishView.swift; sourceTree = "<group>"; };
		4DBD803D7466F9E18A3C912E /* Pods-PlacesNearUITests.release.xcconfig */ = {isa = PBXFileReference; includeInIndex = 1; lastKnownFileType = text.xcconfig; name = "Pods-PlacesNearUITests.release.xcconfig"; path = "Pods/Target Support Files/Pods-PlacesNearUITests/Pods-PlacesNearUITests.release.xcconfig"; sourceTree = "<group>"; };
		592CBD239B21C2424318A8FB /* Pods-PlacesNearTests.debug.xcconfig */ = {isa = PBXFileReference; includeInIndex = 1; lastKnownFileType = text.xcconfig; name = "Pods-PlacesNearTests.debug.xcconfig"; path = "Pods/Target Support Files/Pods-PlacesNearTests/Pods-PlacesNearTests.debug.xcconfig"; sourceTree = "<group>"; };
		857B1435D7A618BE22920E44 /* Pods-PlacesNear.release.xcconfig */ = {isa = PBXFileReference; includeInIndex = 1; lastKnownFileType = text.xcconfig; name = "Pods-PlacesNear.release.xcconfig"; path = "Pods/Target Support Files/Pods-PlacesNear/Pods-PlacesNear.release.xcconfig"; sourceTree = "<group>"; };
		9B302638D174CF739AAD27F2 /* Pods-PlacesNearUITests.debug.xcconfig */ = {isa = PBXFileReference; includeInIndex = 1; lastKnownFileType = text.xcconfig; name = "Pods-PlacesNearUITests.debug.xcconfig"; path = "Pods/Target Support Files/Pods-PlacesNearUITests/Pods-PlacesNearUITests.debug.xcconfig"; sourceTree = "<group>"; };
		A4ED9A5A4F5838AE783902B5 /* Pods_PlacesNearUITests.framework */ = {isa = PBXFileReference; explicitFileType = wrapper.framework; includeInIndex = 0; path = Pods_PlacesNearUITests.framework; sourceTree = BUILT_PRODUCTS_DIR; };
		E2C78E24DA1C933D4C9284E1 /* Pods_PlacesNear.framework */ = {isa = PBXFileReference; explicitFileType = wrapper.framework; includeInIndex = 0; path = Pods_PlacesNear.framework; sourceTree = BUILT_PRODUCTS_DIR; };
		E705F4BD0D5800A1F14B4C59 /* Pods-PlacesNearTests.release.xcconfig */ = {isa = PBXFileReference; includeInIndex = 1; lastKnownFileType = text.xcconfig; name = "Pods-PlacesNearTests.release.xcconfig"; path = "Pods/Target Support Files/Pods-PlacesNearTests/Pods-PlacesNearTests.release.xcconfig"; sourceTree = "<group>"; };
/* End PBXFileReference section */

/* Begin PBXFrameworksBuildPhase section */
		1858699A215C71880073BAAE /* Frameworks */ = {
			isa = PBXFrameworksBuildPhase;
			buildActionMask = 2147483647;
			files = (
				1828241E216DFA33007ED877 /* MapKit.framework in Frameworks */,
				182823C8216B30B9007ED877 /* libssl.a in Frameworks */,
				182823C7216B30A9007ED877 /* libcrypto.a in Frameworks */,
				182823C6216B3086007ED877 /* libstdc++.6.0.9.tbd in Frameworks */,
				182823C4216B307A007ED877 /* CoreTelephony.framework in Frameworks */,
				182823C2216B3070007ED877 /* libsqlite3.0.tbd in Frameworks */,
				182823C0216B3064007ED877 /* Security.framework in Frameworks */,
				182823BE216B3059007ED877 /* CoreGraphics.framework in Frameworks */,
				182823BC216B3050007ED877 /* SystemConfiguration.framework in Frameworks */,
				182823BA216B3047007ED877 /* OpenGLES.framework in Frameworks */,
				182823B8216B303F007ED877 /* QuartzCore.framework in Frameworks */,
				182823B6216B3036007ED877 /* CoreLocation.framework in Frameworks */,
				0710E3882161091900540EC8 /* AVFoundation.framework in Frameworks */,
				0710E386216108E200540EC8 /* Photos.framework in Frameworks */,
				EF17E0B781A47A7F978D9E98 /* Pods_PlacesNear.framework in Frameworks */,
			);
			runOnlyForDeploymentPostprocessing = 0;
		};
		185869AE215C71890073BAAE /* Frameworks */ = {
			isa = PBXFrameworksBuildPhase;
			buildActionMask = 2147483647;
			files = (
				9926660A023B9291082AE44A /* Pods_PlacesNearTests.framework in Frameworks */,
			);
			runOnlyForDeploymentPostprocessing = 0;
		};
		185869B9215C71890073BAAE /* Frameworks */ = {
			isa = PBXFrameworksBuildPhase;
			buildActionMask = 2147483647;
			files = (
				5F3839C3AC5C5296BF1E90D0 /* Pods_PlacesNearUITests.framework in Frameworks */,
			);
			runOnlyForDeploymentPostprocessing = 0;
		};
/* End PBXFrameworksBuildPhase section */

/* Begin PBXGroup section */
		0710E333215FC23600540EC8 /* extension */ = {
			isa = PBXGroup;
			children = (
				0710E335215FC26300540EC8 /* UITextFieldExtension.swift */,
				0710E334215FC26300540EC8 /* UITextViewExtension.swift */,
				0710E3892161160800540EC8 /* StringExtension.swift */,
				1828241B216DF649007ED877 /* UIViewControllerExtension.swift */,
			);
			path = extension;
			sourceTree = "<group>";
		};
		0710E3422160FC6200540EC8 /* model */ = {
			isa = PBXGroup;
			children = (
				0710E3432160FC9600540EC8 /* PNPhotoModel.swift */,
			);
			path = model;
			sourceTree = "<group>";
		};
		0710E345216105F500540EC8 /* view */ = {
			isa = PBXGroup;
			children = (
				0710E3462161060000540EC8 /* PhotosPicker */,
				07A9FACA216CEF8E00CE3DFF /* PNHud.swift */,
			);
			path = view;
			sourceTree = "<group>";
		};
		0710E3462161060000540EC8 /* PhotosPicker */ = {
			isa = PBXGroup;
			children = (
				0710E3472161060000540EC8 /* NHHasSelectPhotosView.m */,
				0710E3482161060000540EC8 /* NHPhotosPickerCollectionViewCell.m */,
				0710E34A2161060000540EC8 /* NHHasSelectPhotoCollectionViewCell.m */,
				0710E34B2161060000540EC8 /* Camera */,
				0710E3592161060000540EC8 /* NHPhotoPickerModel.m */,
				0710E35A2161060000540EC8 /* NHAlbumsView.m */,
				0710E35B2161060000540EC8 /* NHAlbumsTableViewCell.m */,
				0710E35C2161060000540EC8 /* image */,
				0710E3652161060000540EC8 /* NHHasSelectPhotosView.h */,
				0710E3662161060000540EC8 /* NHPhotosPickerCollectionViewCell.h */,
				0710E3672161060000540EC8 /* NHHasSelectPhotoCollectionViewCell.h */,
				0710E3492161060000540EC8 /* SXPhotoPickerViewController.h */,
				0710E3682161060000540EC8 /* SXPhotoPickerViewController.m */,
				0710E3692161060000540EC8 /* NHAlbumsView.h */,
				0710E36A2161060000540EC8 /* NHPhotoPickerModel.h */,
				0710E36B2161060000540EC8 /* NHAlbumsTableViewCell.h */,
			);
			path = PhotosPicker;
			sourceTree = "<group>";
		};
		0710E34B2161060000540EC8 /* Camera */ = {
			isa = PBXGroup;
			children = (
				0710E34C2161060000540EC8 /* SXTakePhotoView.m */,
				0710E34D2161060000540EC8 /* SXCameraViewController.h */,
				0710E34E2161060000540EC8 /* image */,
				0710E3572161060000540EC8 /* SXCameraViewController.m */,
				0710E3582161060000540EC8 /* SXTakePhotoView.h */,
			);
			path = Camera;
			sourceTree = "<group>";
		};
		0710E34E2161060000540EC8 /* image */ = {
			isa = PBXGroup;
			children = (
				0710E34F2161060000540EC8 /* deleteIcon_white@3x.png */,
				0710E3502161060000540EC8 /* deleteIcon_white@2x.png */,
				0710E3512161060000540EC8 /* deleteIcon_red@3x.png */,
				0710E3522161060000540EC8 /* exchangeCameraIcon@3x.png */,
				0710E3532161060000540EC8 /* exchangeCameraIcon@2x.png */,
				0710E3542161060000540EC8 /* deleteIcon_red@2x.png */,
				0710E3552161060000540EC8 /* cameraBtnIcon@2x.png */,
				0710E3562161060000540EC8 /* cameraBtnIcon@3x.png */,
			);
			path = image;
			sourceTree = "<group>";
		};
		0710E35C2161060000540EC8 /* image */ = {
			isa = PBXGroup;
			children = (
				0710E35D2161060000540EC8 /* 上啦拉-箭头-拷贝@3x.png */,
				0710E35E2161060000540EC8 /* 上啦拉-箭头-拷贝@2x.png */,
				0710E35F2161060000540EC8 /* unselectIcon_white@2x.png */,
				0710E3602161060000540EC8 /* 下拉-箭头@2x.png */,
				0710E3612161060000540EC8 /* 下拉-箭头@3x.png */,
				0710E3622161060000540EC8 /* unselectIcon_white@3x.png */,
				0710E3632161060000540EC8 /* selectIcon_red@2x.png */,
				0710E3642161060000540EC8 /* selectIcon_red@3x.png */,
			);
			path = image;
			sourceTree = "<group>";
		};
		07A9FACC216E299700CE3DFF /* viewModel */ = {
			isa = PBXGroup;
			children = (
				07A9FACD216E29B600CE3DFF /* PNLoginViewModel.swift */,
			);
			path = viewModel;
			sourceTree = "<group>";
		};
		07A9FAD1216E392600CE3DFF /* viewModel */ = {
			isa = PBXGroup;
			children = (
				07A9FAD2216E394000CE3DFF /* PNPublishViewModel.swift */,
			);
			path = viewModel;
			sourceTree = "<group>";
		};
		07A9FAD4216E447500CE3DFF /* params */ = {
			isa = PBXGroup;
			children = (
				07A9FADA216E469000CE3DFF /* PNPageParams.swift */,
			);
			path = params;
			sourceTree = "<group>";
		};
		07A9FAD7216E45DD00CE3DFF /* viewModel */ = {
			isa = PBXGroup;
			children = (
				07A9FAD8216E45F600CE3DFF /* PNTagsViewModel.swift */,
			);
			path = viewModel;
			sourceTree = "<group>";
		};
		182823B2216B2AA7007ED877 /* map */ = {
			isa = PBXGroup;
			children = (
				182823B3216B2ABA007ED877 /* PNMapView.swift */,
				18282405216C96DA007ED877 /* PNAnnotation.swift */,
				18282407216C99B8007ED877 /* PNAnnotationView.swift */,
				18282409216CA590007ED877 /* PNPaopaoView.swift */,
				07A9FAC6216CE5C600CE3DFF /* PNLocation.swift */,
			);
			path = map;
			sourceTree = "<group>";
		};
		1828240F216DA833007ED877 /* login */ = {
			isa = PBXGroup;
			children = (
				07A9FACC216E299700CE3DFF /* viewModel */,
				18282414216DA8A9007ED877 /* view */,
				18282413216DA8A1007ED877 /* model */,
				18282412216DA892007ED877 /* controller */,
			);
			path = login;
			sourceTree = "<group>";
		};
		18282412216DA892007ED877 /* controller */ = {
			isa = PBXGroup;
			children = (
				18282410216DA863007ED877 /* PNLoginViewController.swift */,
			);
			path = controller;
			sourceTree = "<group>";
		};
		18282413216DA8A1007ED877 /* model */ = {
			isa = PBXGroup;
			children = (
				18282415216DA8DD007ED877 /* PNUser.swift */,
			);
			path = model;
			sourceTree = "<group>";
		};
		18282414216DA8A9007ED877 /* view */ = {
			isa = PBXGroup;
			children = (
				18282417216DAF48007ED877 /* PNLoginView.swift */,
			);
			path = view;
			sourceTree = "<group>";
		};
		18586994215C71880073BAAE = {
			isa = PBXGroup;
			children = (
				1858699F215C71880073BAAE /* PlacesNear */,
				185869B4215C71890073BAAE /* PlacesNearTests */,
				185869BF215C71890073BAAE /* PlacesNearUITests */,
				1858699E215C71880073BAAE /* Products */,
				AD881002B6F5019A49E77C0F /* Pods */,
				23D17E0D24E3CC9548A10949 /* Frameworks */,
			);
			sourceTree = "<group>";
		};
		1858699E215C71880073BAAE /* Products */ = {
			isa = PBXGroup;
			children = (
				1858699D215C71880073BAAE /* PlacesNear.app */,
				185869B1215C71890073BAAE /* PlacesNearTests.xctest */,
				185869BC215C71890073BAAE /* PlacesNearUITests.xctest */,
			);
			name = Products;
			sourceTree = "<group>";
		};
		1858699F215C71880073BAAE /* PlacesNear */ = {
			isa = PBXGroup;
			children = (
				182823CF216B5691007ED877 /* mapapi.bundle */,
				185869D5215C80080073BAAE /* common */,
				182823B2216B2AA7007ED877 /* map */,
				185869CE215C71B50073BAAE /* home */,
				18DF3D20215F245900514E89 /* tags */,
				18DF3D27215F481800514E89 /* publish */,
				1828240F216DA833007ED877 /* login */,
				185869A0215C71880073BAAE /* AppDelegate.swift */,
				185869A7215C71890073BAAE /* Assets.xcassets */,
				185869AC215C71890073BAAE /* Info.plist */,
			);
			path = PlacesNear;
			sourceTree = "<group>";
		};
		185869B4215C71890073BAAE /* PlacesNearTests */ = {
			isa = PBXGroup;
			children = (
				185869B5215C71890073BAAE /* PlacesNearTests.swift */,
				185869B7215C71890073BAAE /* Info.plist */,
			);
			path = PlacesNearTests;
			sourceTree = "<group>";
		};
		185869BF215C71890073BAAE /* PlacesNearUITests */ = {
			isa = PBXGroup;
			children = (
				185869C0215C71890073BAAE /* PlacesNearUITests.swift */,
				185869C2215C71890073BAAE /* Info.plist */,
			);
			path = PlacesNearUITests;
			sourceTree = "<group>";
		};
		185869CE215C71B50073BAAE /* home */ = {
			isa = PBXGroup;
			children = (
				18586A38215DF8DB0073BAAE /* viewModel */,
				18586A37215DF8C90073BAAE /* controller */,
				18586A36215DF8C10073BAAE /* view */,
			);
			path = home;
			sourceTree = "<group>";
		};
		185869D5215C80080073BAAE /* common */ = {
			isa = PBXGroup;
			children = (
				0710E345216105F500540EC8 /* view */,
				0710E3382160F2A000540EC8 /* SZNavigationController.swift */,
				0710E3392160F2A100540EC8 /* SZViewController.swift */,
				0710E333215FC23600540EC8 /* extension */,
				18DF3D1B215F0E0C00514E89 /* request */,
				18DF3D1A215F0DFE00514E89 /* model */,
				07A9FAD4216E447500CE3DFF /* params */,
				185869D6215C803D0073BAAE /* Constant.swift */,
				185869D8215C84A10073BAAE /* PlacesNear-Bridging-Header.h */,
			);
			path = common;
			sourceTree = "<group>";
		};
		18586A36215DF8C10073BAAE /* view */ = {
			isa = PBXGroup;
			children = (
				18586A34215DF8B80073BAAE /* PNHomeView.swift */,
				18DF3D13215E0D8F00514E89 /* PNAnimationButton.swift */,
				18DF3D15215E27BA00514E89 /* PNDistanceRulerView.swift */,
				18DF3D17215F0D4900514E89 /* PNTagsView.swift */,
			);
			path = view;
			sourceTree = "<group>";
		};
		18586A37215DF8C90073BAAE /* controller */ = {
			isa = PBXGroup;
			children = (
				185869CF215C71D10073BAAE /* PNHomeViewController.swift */,
			);
			path = controller;
			sourceTree = "<group>";
		};
		18586A38215DF8DB0073BAAE /* viewModel */ = {
			isa = PBXGroup;
			children = (
			);
			path = viewModel;
			sourceTree = "<group>";
		};
		18DF3D1A215F0DFE00514E89 /* model */ = {
			isa = PBXGroup;
			children = (
				18282403216C954F007ED877 /* PNPlaceModel.swift */,
				07A9FACF216E2CCC00CE3DFF /* PNLoginModel.swift */,
				07A9FAD5216E449A00CE3DFF /* PNPagesModel.swift */,
				07A9FADC216E478500CE3DFF /* PNGetTagsListModel.swift */,
			);
			path = model;
			sourceTree = "<group>";
		};
		18DF3D1B215F0E0C00514E89 /* request */ = {
			isa = PBXGroup;
			children = (
				18DF3D1C215F0E3900514E89 /* SXModel.swift */,
				18DF3D1D215F0E3900514E89 /* SXRequest.swift */,
			);
			path = request;
			sourceTree = "<group>";
		};
		18DF3D20215F245900514E89 /* tags */ = {
			isa = PBXGroup;
			children = (
				07A9FAD7216E45DD00CE3DFF /* viewModel */,
				18DF3D22215F247B00514E89 /* view */,
				18DF3D21215F247200514E89 /* controller */,
			);
			path = tags;
			sourceTree = "<group>";
		};
		18DF3D21215F247200514E89 /* controller */ = {
			isa = PBXGroup;
			children = (
				18DF3D23215F24A300514E89 /* PNTagsViewController.swift */,
			);
			path = controller;
			sourceTree = "<group>";
		};
		18DF3D22215F247B00514E89 /* view */ = {
			isa = PBXGroup;
			children = (
				18DF3D25215F25E700514E89 /* PNTagsTableViewCell.swift */,
			);
			path = view;
			sourceTree = "<group>";
		};
		18DF3D27215F481800514E89 /* publish */ = {
			isa = PBXGroup;
			children = (
				07A9FAD1216E392600CE3DFF /* viewModel */,
				0710E3422160FC6200540EC8 /* model */,
				18DF3D29215F485300514E89 /* view */,
				18DF3D28215F482800514E89 /* controller */,
			);
			path = publish;
			sourceTree = "<group>";
		};
		18DF3D28215F482800514E89 /* controller */ = {
			isa = PBXGroup;
			children = (
				18DF3D2A215F486E00514E89 /* PNPublishViewController.swift */,
				07A9FAC8216CE84400CE3DFF /* PNPublishLoationViewController.swift */,
			);
			path = controller;
			sourceTree = "<group>";
		};
		18DF3D29215F485300514E89 /* view */ = {
			isa = PBXGroup;
			children = (
				18DF3D2C215F4B5D00514E89 /* PNSubmitButton.swift */,
				18DF3D2E215F526800514E89 /* PNPublishView.swift */,
			);
			path = view;
			sourceTree = "<group>";
		};
		23D17E0D24E3CC9548A10949 /* Frameworks */ = {
			isa = PBXGroup;
			children = (
				1828241D216DFA32007ED877 /* MapKit.framework */,
				182823C5216B3086007ED877 /* libstdc++.6.0.9.tbd */,
				182823C3216B307A007ED877 /* CoreTelephony.framework */,
				182823C1216B3070007ED877 /* libsqlite3.0.tbd */,
				182823BF216B3064007ED877 /* Security.framework */,
				182823BD216B3058007ED877 /* CoreGraphics.framework */,
				182823BB216B3050007ED877 /* SystemConfiguration.framework */,
				182823B9216B3047007ED877 /* OpenGLES.framework */,
				182823B7216B303F007ED877 /* QuartzCore.framework */,
				182823B5216B3036007ED877 /* CoreLocation.framework */,
				0710E3872161091800540EC8 /* AVFoundation.framework */,
				0710E385216108E200540EC8 /* Photos.framework */,
				185869DB215C8FB00073BAAE /* libssl.a */,
				185869D9215C8FA00073BAAE /* libcrypto.a */,
				185869D3215C7FCA0073BAAE /* Alamofire.framework */,
				185869D1215C7FC20073BAAE /* SnapKit.framework */,
				E2C78E24DA1C933D4C9284E1 /* Pods_PlacesNear.framework */,
				103B54AC3069FF5CBBA250D8 /* Pods_PlacesNearTests.framework */,
				A4ED9A5A4F5838AE783902B5 /* Pods_PlacesNearUITests.framework */,
			);
			name = Frameworks;
			sourceTree = "<group>";
		};
		AD881002B6F5019A49E77C0F /* Pods */ = {
			isa = PBXGroup;
			children = (
				0CFC47869785D030F8EED2AA /* Pods-PlacesNear.debug.xcconfig */,
				857B1435D7A618BE22920E44 /* Pods-PlacesNear.release.xcconfig */,
				592CBD239B21C2424318A8FB /* Pods-PlacesNearTests.debug.xcconfig */,
				E705F4BD0D5800A1F14B4C59 /* Pods-PlacesNearTests.release.xcconfig */,
				9B302638D174CF739AAD27F2 /* Pods-PlacesNearUITests.debug.xcconfig */,
				4DBD803D7466F9E18A3C912E /* Pods-PlacesNearUITests.release.xcconfig */,
			);
			name = Pods;
			sourceTree = "<group>";
		};
/* End PBXGroup section */

/* Begin PBXNativeTarget section */
		1858699C215C71880073BAAE /* PlacesNear */ = {
			isa = PBXNativeTarget;
			buildConfigurationList = 185869C5215C71890073BAAE /* Build configuration list for PBXNativeTarget "PlacesNear" */;
			buildPhases = (
				C14821B71E9EDE053EA56210 /* [CP] Check Pods Manifest.lock */,
				18586999215C71880073BAAE /* Sources */,
				1858699A215C71880073BAAE /* Frameworks */,
				1858699B215C71880073BAAE /* Resources */,
				6A5A32608B9236794A7D6F60 /* [CP] Embed Pods Frameworks */,
				A61A79DFDC72F2B7A51381C2 /* [CP] Copy Pods Resources */,
			);
			buildRules = (
			);
			dependencies = (
			);
			name = PlacesNear;
			productName = PlacesNear;
			productReference = 1858699D215C71880073BAAE /* PlacesNear.app */;
			productType = "com.apple.product-type.application";
		};
		185869B0215C71890073BAAE /* PlacesNearTests */ = {
			isa = PBXNativeTarget;
			buildConfigurationList = 185869C8215C71890073BAAE /* Build configuration list for PBXNativeTarget "PlacesNearTests" */;
			buildPhases = (
				3D2534A66BEBF3AEBA09A89D /* [CP] Check Pods Manifest.lock */,
				185869AD215C71890073BAAE /* Sources */,
				185869AE215C71890073BAAE /* Frameworks */,
				185869AF215C71890073BAAE /* Resources */,
			);
			buildRules = (
			);
			dependencies = (
				185869B3215C71890073BAAE /* PBXTargetDependency */,
			);
			name = PlacesNearTests;
			productName = PlacesNearTests;
			productReference = 185869B1215C71890073BAAE /* PlacesNearTests.xctest */;
			productType = "com.apple.product-type.bundle.unit-test";
		};
		185869BB215C71890073BAAE /* PlacesNearUITests */ = {
			isa = PBXNativeTarget;
			buildConfigurationList = 185869CB215C71890073BAAE /* Build configuration list for PBXNativeTarget "PlacesNearUITests" */;
			buildPhases = (
				9C1271B0B3B53BBE16C134D9 /* [CP] Check Pods Manifest.lock */,
				185869B8215C71890073BAAE /* Sources */,
				185869B9215C71890073BAAE /* Frameworks */,
				185869BA215C71890073BAAE /* Resources */,
			);
			buildRules = (
			);
			dependencies = (
				185869BE215C71890073BAAE /* PBXTargetDependency */,
			);
			name = PlacesNearUITests;
			productName = PlacesNearUITests;
			productReference = 185869BC215C71890073BAAE /* PlacesNearUITests.xctest */;
			productType = "com.apple.product-type.bundle.ui-testing";
		};
/* End PBXNativeTarget section */

/* Begin PBXProject section */
		18586995215C71880073BAAE /* Project object */ = {
			isa = PBXProject;
			attributes = {
				CLASSPREFIX = PN;
				LastSwiftUpdateCheck = 0940;
				LastUpgradeCheck = 0940;
				ORGANIZATIONNAME = zsx;
				TargetAttributes = {
					1858699C215C71880073BAAE = {
						CreatedOnToolsVersion = 9.4.1;
					};
					185869B0215C71890073BAAE = {
						CreatedOnToolsVersion = 9.4.1;
						TestTargetID = 1858699C215C71880073BAAE;
					};
					185869BB215C71890073BAAE = {
						CreatedOnToolsVersion = 9.4.1;
						TestTargetID = 1858699C215C71880073BAAE;
					};
				};
			};
			buildConfigurationList = 18586998215C71880073BAAE /* Build configuration list for PBXProject "PlacesNear" */;
			compatibilityVersion = "Xcode 9.3";
			developmentRegion = en;
			hasScannedForEncodings = 0;
			knownRegions = (
				en,
				Base,
			);
			mainGroup = 18586994215C71880073BAAE;
			productRefGroup = 1858699E215C71880073BAAE /* Products */;
			projectDirPath = "";
			projectRoot = "";
			targets = (
				1858699C215C71880073BAAE /* PlacesNear */,
				185869B0215C71890073BAAE /* PlacesNearTests */,
				185869BB215C71890073BAAE /* PlacesNearUITests */,
			);
		};
/* End PBXProject section */

/* Begin PBXResourcesBuildPhase section */
		1858699B215C71880073BAAE /* Resources */ = {
			isa = PBXResourcesBuildPhase;
			buildActionMask = 2147483647;
			files = (
				0710E3802161060000540EC8 /* 下拉-箭头@3x.png in Resources */,
				185869A8215C71890073BAAE /* Assets.xcassets in Resources */,
				0710E3722161060000540EC8 /* deleteIcon_red@3x.png in Resources */,
				182823D0216B5691007ED877 /* mapapi.bundle in Resources */,
				0710E3752161060000540EC8 /* deleteIcon_red@2x.png in Resources */,
				0710E37D2161060000540EC8 /* 上啦拉-箭头-拷贝@2x.png in Resources */,
				0710E3822161060000540EC8 /* selectIcon_red@2x.png in Resources */,
				0710E3702161060000540EC8 /* deleteIcon_white@3x.png in Resources */,
				0710E37C2161060000540EC8 /* 上啦拉-箭头-拷贝@3x.png in Resources */,
				0710E3812161060000540EC8 /* unselectIcon_white@3x.png in Resources */,
				0710E3742161060000540EC8 /* exchangeCameraIcon@2x.png in Resources */,
				0710E3772161060000540EC8 /* cameraBtnIcon@3x.png in Resources */,
				0710E3732161060000540EC8 /* exchangeCameraIcon@3x.png in Resources */,
				0710E3712161060000540EC8 /* deleteIcon_white@2x.png in Resources */,
				0710E37E2161060000540EC8 /* unselectIcon_white@2x.png in Resources */,
				0710E3762161060000540EC8 /* cameraBtnIcon@2x.png in Resources */,
				0710E37F2161060000540EC8 /* 下拉-箭头@2x.png in Resources */,
				0710E3832161060000540EC8 /* selectIcon_red@3x.png in Resources */,
			);
			runOnlyForDeploymentPostprocessing = 0;
		};
		185869AF215C71890073BAAE /* Resources */ = {
			isa = PBXResourcesBuildPhase;
			buildActionMask = 2147483647;
			files = (
			);
			runOnlyForDeploymentPostprocessing = 0;
		};
		185869BA215C71890073BAAE /* Resources */ = {
			isa = PBXResourcesBuildPhase;
			buildActionMask = 2147483647;
			files = (
			);
			runOnlyForDeploymentPostprocessing = 0;
		};
/* End PBXResourcesBuildPhase section */

/* Begin PBXShellScriptBuildPhase section */
		3D2534A66BEBF3AEBA09A89D /* [CP] Check Pods Manifest.lock */ = {
			isa = PBXShellScriptBuildPhase;
			buildActionMask = 2147483647;
			files = (
			);
			inputPaths = (
				"${PODS_PODFILE_DIR_PATH}/Podfile.lock",
				"${PODS_ROOT}/Manifest.lock",
			);
			name = "[CP] Check Pods Manifest.lock";
			outputPaths = (
				"$(DERIVED_FILE_DIR)/Pods-PlacesNearTests-checkManifestLockResult.txt",
			);
			runOnlyForDeploymentPostprocessing = 0;
			shellPath = /bin/sh;
			shellScript = "diff \"${PODS_PODFILE_DIR_PATH}/Podfile.lock\" \"${PODS_ROOT}/Manifest.lock\" > /dev/null\nif [ $? != 0 ] ; then\n    # print error to STDERR\n    echo \"error: The sandbox is not in sync with the Podfile.lock. Run 'pod install' or update your CocoaPods installation.\" >&2\n    exit 1\nfi\n# This output is used by Xcode 'outputs' to avoid re-running this script phase.\necho \"SUCCESS\" > \"${SCRIPT_OUTPUT_FILE_0}\"\n";
			showEnvVarsInLog = 0;
		};
		6A5A32608B9236794A7D6F60 /* [CP] Embed Pods Frameworks */ = {
			isa = PBXShellScriptBuildPhase;
			buildActionMask = 2147483647;
			files = (
			);
			inputPaths = (
				"${SRCROOT}/Pods/Target Support Files/Pods-PlacesNear/Pods-PlacesNear-frameworks.sh",
				"${BUILT_PRODUCTS_DIR}/Alamofire/Alamofire.framework",
				"${BUILT_PRODUCTS_DIR}/HandyJSON/HandyJSON.framework",
				"${BUILT_PRODUCTS_DIR}/MJRefresh/MJRefresh.framework",
				"${BUILT_PRODUCTS_DIR}/SnapKit/SnapKit.framework",
			);
			name = "[CP] Embed Pods Frameworks";
			outputPaths = (
				"${TARGET_BUILD_DIR}/${FRAMEWORKS_FOLDER_PATH}/Alamofire.framework",
				"${TARGET_BUILD_DIR}/${FRAMEWORKS_FOLDER_PATH}/HandyJSON.framework",
				"${TARGET_BUILD_DIR}/${FRAMEWORKS_FOLDER_PATH}/MJRefresh.framework",
				"${TARGET_BUILD_DIR}/${FRAMEWORKS_FOLDER_PATH}/SnapKit.framework",
			);
			runOnlyForDeploymentPostprocessing = 0;
			shellPath = /bin/sh;
			shellScript = "\"${SRCROOT}/Pods/Target Support Files/Pods-PlacesNear/Pods-PlacesNear-frameworks.sh\"\n";
			showEnvVarsInLog = 0;
		};
		9C1271B0B3B53BBE16C134D9 /* [CP] Check Pods Manifest.lock */ = {
			isa = PBXShellScriptBuildPhase;
			buildActionMask = 2147483647;
			files = (
			);
			inputPaths = (
				"${PODS_PODFILE_DIR_PATH}/Podfile.lock",
				"${PODS_ROOT}/Manifest.lock",
			);
			name = "[CP] Check Pods Manifest.lock";
			outputPaths = (
				"$(DERIVED_FILE_DIR)/Pods-PlacesNearUITests-checkManifestLockResult.txt",
			);
			runOnlyForDeploymentPostprocessing = 0;
			shellPath = /bin/sh;
			shellScript = "diff \"${PODS_PODFILE_DIR_PATH}/Podfile.lock\" \"${PODS_ROOT}/Manifest.lock\" > /dev/null\nif [ $? != 0 ] ; then\n    # print error to STDERR\n    echo \"error: The sandbox is not in sync with the Podfile.lock. Run 'pod install' or update your CocoaPods installation.\" >&2\n    exit 1\nfi\n# This output is used by Xcode 'outputs' to avoid re-running this script phase.\necho \"SUCCESS\" > \"${SCRIPT_OUTPUT_FILE_0}\"\n";
			showEnvVarsInLog = 0;
		};
		A61A79DFDC72F2B7A51381C2 /* [CP] Copy Pods Resources */ = {
			isa = PBXShellScriptBuildPhase;
			buildActionMask = 2147483647;
			files = (
			);
			inputPaths = (
				"${SRCROOT}/Pods/Target Support Files/Pods-PlacesNear/Pods-PlacesNear-resources.sh",
				"${PODS_ROOT}/BaiduMapKit/BaiduMapKit/BaiduMapAPI_Map.framework/Resources/mapapi.bundle",
			);
			name = "[CP] Copy Pods Resources";
			outputPaths = (
				"${TARGET_BUILD_DIR}/${UNLOCALIZED_RESOURCES_FOLDER_PATH}/mapapi.bundle",
			);
			runOnlyForDeploymentPostprocessing = 0;
			shellPath = /bin/sh;
			shellScript = "\"${SRCROOT}/Pods/Target Support Files/Pods-PlacesNear/Pods-PlacesNear-resources.sh\"\n";
			showEnvVarsInLog = 0;
		};
		C14821B71E9EDE053EA56210 /* [CP] Check Pods Manifest.lock */ = {
			isa = PBXShellScriptBuildPhase;
			buildActionMask = 2147483647;
			files = (
			);
			inputPaths = (
				"${PODS_PODFILE_DIR_PATH}/Podfile.lock",
				"${PODS_ROOT}/Manifest.lock",
			);
			name = "[CP] Check Pods Manifest.lock";
			outputPaths = (
				"$(DERIVED_FILE_DIR)/Pods-PlacesNear-checkManifestLockResult.txt",
			);
			runOnlyForDeploymentPostprocessing = 0;
			shellPath = /bin/sh;
			shellScript = "diff \"${PODS_PODFILE_DIR_PATH}/Podfile.lock\" \"${PODS_ROOT}/Manifest.lock\" > /dev/null\nif [ $? != 0 ] ; then\n    # print error to STDERR\n    echo \"error: The sandbox is not in sync with the Podfile.lock. Run 'pod install' or update your CocoaPods installation.\" >&2\n    exit 1\nfi\n# This output is used by Xcode 'outputs' to avoid re-running this script phase.\necho \"SUCCESS\" > \"${SCRIPT_OUTPUT_FILE_0}\"\n";
			showEnvVarsInLog = 0;
		};
/* End PBXShellScriptBuildPhase section */

/* Begin PBXSourcesBuildPhase section */
		18586999215C71880073BAAE /* Sources */ = {
			isa = PBXSourcesBuildPhase;
			buildActionMask = 2147483647;
			files = (
				0710E3442160FC9600540EC8 /* PNPhotoModel.swift in Sources */,
				07A9FAD9216E45F600CE3DFF /* PNTagsViewModel.swift in Sources */,
				18DF3D2B215F486E00514E89 /* PNPublishViewController.swift in Sources */,
				1828240A216CA590007ED877 /* PNPaopaoView.swift in Sources */,
				0710E37A2161060000540EC8 /* NHAlbumsView.m in Sources */,
				185869A1215C71880073BAAE /* AppDelegate.swift in Sources */,
				18DF3D24215F24A300514E89 /* PNTagsViewController.swift in Sources */,
				18282418216DAF48007ED877 /* PNLoginView.swift in Sources */,
				07A9FACB216CEF8E00CE3DFF /* PNHud.swift in Sources */,
				18586A35215DF8B80073BAAE /* PNHomeView.swift in Sources */,
				18282406216C96DA007ED877 /* PNAnnotation.swift in Sources */,
				0710E33B2160F2A100540EC8 /* SZViewController.swift in Sources */,
				07A9FAC9216CE84400CE3DFF /* PNPublishLoationViewController.swift in Sources */,
				07A9FAD3216E394000CE3DFF /* PNPublishViewModel.swift in Sources */,
				18DF3D18215F0D4900514E89 /* PNTagsView.swift in Sources */,
				18282411216DA863007ED877 /* PNLoginViewController.swift in Sources */,
				18DF3D1F215F0E3900514E89 /* SXRequest.swift in Sources */,
				0710E36F2161060000540EC8 /* SXTakePhotoView.m in Sources */,
				0710E3842161060000540EC8 /* SXPhotoPickerViewController.m in Sources */,
				0710E3792161060000540EC8 /* NHPhotoPickerModel.m in Sources */,
				0710E38A2161160800540EC8 /* StringExtension.swift in Sources */,
				18282416216DA8DD007ED877 /* PNUser.swift in Sources */,
				0710E36C2161060000540EC8 /* NHHasSelectPhotosView.m in Sources */,
				0710E36D2161060000540EC8 /* NHPhotosPickerCollectionViewCell.m in Sources */,
				185869D0215C71D10073BAAE /* PNHomeViewController.swift in Sources */,
				18DF3D1E215F0E3900514E89 /* SXModel.swift in Sources */,
				18DF3D2F215F526800514E89 /* PNPublishView.swift in Sources */,
				07A9FAD0216E2CCC00CE3DFF /* PNLoginModel.swift in Sources */,
				0710E337215FC26300540EC8 /* UITextFieldExtension.swift in Sources */,
				07A9FADD216E478500CE3DFF /* PNGetTagsListModel.swift in Sources */,
				1828241C216DF649007ED877 /* UIViewControllerExtension.swift in Sources */,
				18282408216C99B8007ED877 /* PNAnnotationView.swift in Sources */,
				182823B4216B2ABA007ED877 /* PNMapView.swift in Sources */,
				07A9FAD6216E449A00CE3DFF /* PNPagesModel.swift in Sources */,
				0710E336215FC26300540EC8 /* UITextViewExtension.swift in Sources */,
				18DF3D2D215F4B5D00514E89 /* PNSubmitButton.swift in Sources */,
				07A9FAC7216CE5C600CE3DFF /* PNLocation.swift in Sources */,
				18282404216C954F007ED877 /* PNPlaceModel.swift in Sources */,
				185869D7215C803D0073BAAE /* Constant.swift in Sources */,
				18DF3D26215F25E700514E89 /* PNTagsTableViewCell.swift in Sources */,
				0710E36E2161060000540EC8 /* NHHasSelectPhotoCollectionViewCell.m in Sources */,
				0710E37B2161060000540EC8 /* NHAlbumsTableViewCell.m in Sources */,
				18DF3D16215E27BA00514E89 /* PNDistanceRulerView.swift in Sources */,
				07A9FACE216E29B600CE3DFF /* PNLoginViewModel.swift in Sources */,
				18DF3D14215E0D8F00514E89 /* PNAnimationButton.swift in Sources */,
				0710E3782161060000540EC8 /* SXCameraViewController.m in Sources */,
				07A9FADB216E469000CE3DFF /* PNPageParams.swift in Sources */,
				0710E33A2160F2A100540EC8 /* SZNavigationController.swift in Sources */,
			);
			runOnlyForDeploymentPostprocessing = 0;
		};
		185869AD215C71890073BAAE /* Sources */ = {
			isa = PBXSourcesBuildPhase;
			buildActionMask = 2147483647;
			files = (
				185869B6215C71890073BAAE /* PlacesNearTests.swift in Sources */,
			);
			runOnlyForDeploymentPostprocessing = 0;
		};
		185869B8215C71890073BAAE /* Sources */ = {
			isa = PBXSourcesBuildPhase;
			buildActionMask = 2147483647;
			files = (
				185869C1215C71890073BAAE /* PlacesNearUITests.swift in Sources */,
			);
			runOnlyForDeploymentPostprocessing = 0;
		};
/* End PBXSourcesBuildPhase section */

/* Begin PBXTargetDependency section */
		185869B3215C71890073BAAE /* PBXTargetDependency */ = {
			isa = PBXTargetDependency;
			target = 1858699C215C71880073BAAE /* PlacesNear */;
			targetProxy = 185869B2215C71890073BAAE /* PBXContainerItemProxy */;
		};
		185869BE215C71890073BAAE /* PBXTargetDependency */ = {
			isa = PBXTargetDependency;
			target = 1858699C215C71880073BAAE /* PlacesNear */;
			targetProxy = 185869BD215C71890073BAAE /* PBXContainerItemProxy */;
		};
/* End PBXTargetDependency section */

/* Begin XCBuildConfiguration section */
		185869C3215C71890073BAAE /* Debug */ = {
			isa = XCBuildConfiguration;
			buildSettings = {
				ALWAYS_SEARCH_USER_PATHS = NO;
				CLANG_ANALYZER_NONNULL = YES;
				CLANG_ANALYZER_NUMBER_OBJECT_CONVERSION = YES_AGGRESSIVE;
				CLANG_CXX_LANGUAGE_STANDARD = "gnu++14";
				CLANG_CXX_LIBRARY = "libc++";
				CLANG_ENABLE_MODULES = YES;
				CLANG_ENABLE_OBJC_ARC = YES;
				CLANG_ENABLE_OBJC_WEAK = YES;
				CLANG_WARN_BLOCK_CAPTURE_AUTORELEASING = YES;
				CLANG_WARN_BOOL_CONVERSION = YES;
				CLANG_WARN_COMMA = YES;
				CLANG_WARN_CONSTANT_CONVERSION = YES;
				CLANG_WARN_DEPRECATED_OBJC_IMPLEMENTATIONS = YES;
				CLANG_WARN_DIRECT_OBJC_ISA_USAGE = YES_ERROR;
				CLANG_WARN_DOCUMENTATION_COMMENTS = YES;
				CLANG_WARN_EMPTY_BODY = YES;
				CLANG_WARN_ENUM_CONVERSION = YES;
				CLANG_WARN_INFINITE_RECURSION = YES;
				CLANG_WARN_INT_CONVERSION = YES;
				CLANG_WARN_NON_LITERAL_NULL_CONVERSION = YES;
				CLANG_WARN_OBJC_IMPLICIT_RETAIN_SELF = YES;
				CLANG_WARN_OBJC_LITERAL_CONVERSION = YES;
				CLANG_WARN_OBJC_ROOT_CLASS = YES_ERROR;
				CLANG_WARN_RANGE_LOOP_ANALYSIS = YES;
				CLANG_WARN_STRICT_PROTOTYPES = YES;
				CLANG_WARN_SUSPICIOUS_MOVE = YES;
				CLANG_WARN_UNGUARDED_AVAILABILITY = YES_AGGRESSIVE;
				CLANG_WARN_UNREACHABLE_CODE = YES;
				CLANG_WARN__DUPLICATE_METHOD_MATCH = YES;
				CODE_SIGN_IDENTITY = "iPhone Developer";
				COPY_PHASE_STRIP = NO;
				DEBUG_INFORMATION_FORMAT = dwarf;
				ENABLE_STRICT_OBJC_MSGSEND = YES;
				ENABLE_TESTABILITY = YES;
				GCC_C_LANGUAGE_STANDARD = gnu11;
				GCC_DYNAMIC_NO_PIC = NO;
				GCC_NO_COMMON_BLOCKS = YES;
				GCC_OPTIMIZATION_LEVEL = 0;
				GCC_PREPROCESSOR_DEFINITIONS = (
					"DEBUG=1",
					"$(inherited)",
				);
				GCC_WARN_64_TO_32_BIT_CONVERSION = YES;
				GCC_WARN_ABOUT_RETURN_TYPE = YES_ERROR;
				GCC_WARN_UNDECLARED_SELECTOR = YES;
				GCC_WARN_UNINITIALIZED_AUTOS = YES_AGGRESSIVE;
				GCC_WARN_UNUSED_FUNCTION = YES;
				GCC_WARN_UNUSED_VARIABLE = YES;
				IPHONEOS_DEPLOYMENT_TARGET = 11.4;
				MTL_ENABLE_DEBUG_INFO = YES;
				ONLY_ACTIVE_ARCH = YES;
				SDKROOT = iphoneos;
				SWIFT_ACTIVE_COMPILATION_CONDITIONS = DEBUG;
				SWIFT_OPTIMIZATION_LEVEL = "-Onone";
			};
			name = Debug;
		};
		185869C4215C71890073BAAE /* Release */ = {
			isa = XCBuildConfiguration;
			buildSettings = {
				ALWAYS_SEARCH_USER_PATHS = NO;
				CLANG_ANALYZER_NONNULL = YES;
				CLANG_ANALYZER_NUMBER_OBJECT_CONVERSION = YES_AGGRESSIVE;
				CLANG_CXX_LANGUAGE_STANDARD = "gnu++14";
				CLANG_CXX_LIBRARY = "libc++";
				CLANG_ENABLE_MODULES = YES;
				CLANG_ENABLE_OBJC_ARC = YES;
				CLANG_ENABLE_OBJC_WEAK = YES;
				CLANG_WARN_BLOCK_CAPTURE_AUTORELEASING = YES;
				CLANG_WARN_BOOL_CONVERSION = YES;
				CLANG_WARN_COMMA = YES;
				CLANG_WARN_CONSTANT_CONVERSION = YES;
				CLANG_WARN_DEPRECATED_OBJC_IMPLEMENTATIONS = YES;
				CLANG_WARN_DIRECT_OBJC_ISA_USAGE = YES_ERROR;
				CLANG_WARN_DOCUMENTATION_COMMENTS = YES;
				CLANG_WARN_EMPTY_BODY = YES;
				CLANG_WARN_ENUM_CONVERSION = YES;
				CLANG_WARN_INFINITE_RECURSION = YES;
				CLANG_WARN_INT_CONVERSION = YES;
				CLANG_WARN_NON_LITERAL_NULL_CONVERSION = YES;
				CLANG_WARN_OBJC_IMPLICIT_RETAIN_SELF = YES;
				CLANG_WARN_OBJC_LITERAL_CONVERSION = YES;
				CLANG_WARN_OBJC_ROOT_CLASS = YES_ERROR;
				CLANG_WARN_RANGE_LOOP_ANALYSIS = YES;
				CLANG_WARN_STRICT_PROTOTYPES = YES;
				CLANG_WARN_SUSPICIOUS_MOVE = YES;
				CLANG_WARN_UNGUARDED_AVAILABILITY = YES_AGGRESSIVE;
				CLANG_WARN_UNREACHABLE_CODE = YES;
				CLANG_WARN__DUPLICATE_METHOD_MATCH = YES;
				CODE_SIGN_IDENTITY = "iPhone Developer";
				COPY_PHASE_STRIP = NO;
				DEBUG_INFORMATION_FORMAT = "dwarf-with-dsym";
				ENABLE_NS_ASSERTIONS = NO;
				ENABLE_STRICT_OBJC_MSGSEND = YES;
				GCC_C_LANGUAGE_STANDARD = gnu11;
				GCC_NO_COMMON_BLOCKS = YES;
				GCC_WARN_64_TO_32_BIT_CONVERSION = YES;
				GCC_WARN_ABOUT_RETURN_TYPE = YES_ERROR;
				GCC_WARN_UNDECLARED_SELECTOR = YES;
				GCC_WARN_UNINITIALIZED_AUTOS = YES_AGGRESSIVE;
				GCC_WARN_UNUSED_FUNCTION = YES;
				GCC_WARN_UNUSED_VARIABLE = YES;
				IPHONEOS_DEPLOYMENT_TARGET = 11.4;
				MTL_ENABLE_DEBUG_INFO = NO;
				SDKROOT = iphoneos;
				SWIFT_COMPILATION_MODE = wholemodule;
				SWIFT_OPTIMIZATION_LEVEL = "-O";
				VALIDATE_PRODUCT = YES;
			};
			name = Release;
		};
		185869C6215C71890073BAAE /* Debug */ = {
			isa = XCBuildConfiguration;
			baseConfigurationReference = 0CFC47869785D030F8EED2AA /* Pods-PlacesNear.debug.xcconfig */;
			buildSettings = {
				ASSETCATALOG_COMPILER_APPICON_NAME = AppIcon;
				CODE_SIGN_STYLE = Automatic;
				DEVELOPMENT_TEAM = 33AL5727R8;
				GCC_INPUT_FILETYPE = sourcecode.cpp.objcpp;
				INFOPLIST_FILE = PlacesNear/Info.plist;
				IPHONEOS_DEPLOYMENT_TARGET = 8.0;
				LD_RUNPATH_SEARCH_PATHS = (
					"$(inherited)",
					"@executable_path/Frameworks",
				);
				LIBRARY_SEARCH_PATHS = (
					"$(inherited)",
					"$(PROJECT_DIR)/Pods/BaiduMapKit/BaiduMapKit/thirdlibs",
				);
				PRODUCT_BUNDLE_IDENTIFIER = com.670074760.PlacesNear;
				PRODUCT_NAME = "$(TARGET_NAME)";
				SWIFT_OBJC_BRIDGING_HEADER = "PlacesNear/common/PlacesNear-Bridging-Header.h";
				SWIFT_VERSION = 4.0;
				TARGETED_DEVICE_FAMILY = 1;
			};
			name = Debug;
		};
		185869C7215C71890073BAAE /* Release */ = {
			isa = XCBuildConfiguration;
			baseConfigurationReference = 857B1435D7A618BE22920E44 /* Pods-PlacesNear.release.xcconfig */;
			buildSettings = {
				ASSETCATALOG_COMPILER_APPICON_NAME = AppIcon;
				CODE_SIGN_STYLE = Automatic;
				DEVELOPMENT_TEAM = 33AL5727R8;
				GCC_INPUT_FILETYPE = sourcecode.cpp.objcpp;
				INFOPLIST_FILE = PlacesNear/Info.plist;
				IPHONEOS_DEPLOYMENT_TARGET = 8.0;
				LD_RUNPATH_SEARCH_PATHS = (
					"$(inherited)",
					"@executable_path/Frameworks",
				);
				LIBRARY_SEARCH_PATHS = (
					"$(inherited)",
					"$(PROJECT_DIR)/Pods/BaiduMapKit/BaiduMapKit/thirdlibs",
				);
				PRODUCT_BUNDLE_IDENTIFIER = com.670074760.PlacesNear;
				PRODUCT_NAME = "$(TARGET_NAME)";
				SWIFT_OBJC_BRIDGING_HEADER = "PlacesNear/common/PlacesNear-Bridging-Header.h";
				SWIFT_VERSION = 4.0;
				TARGETED_DEVICE_FAMILY = 1;
			};
			name = Release;
		};
		185869C9215C71890073BAAE /* Debug */ = {
			isa = XCBuildConfiguration;
			baseConfigurationReference = 592CBD239B21C2424318A8FB /* Pods-PlacesNearTests.debug.xcconfig */;
			buildSettings = {
				ALWAYS_EMBED_SWIFT_STANDARD_LIBRARIES = YES;
				BUNDLE_LOADER = "$(TEST_HOST)";
				CODE_SIGN_STYLE = Automatic;
				INFOPLIST_FILE = PlacesNearTests/Info.plist;
				LD_RUNPATH_SEARCH_PATHS = (
					"$(inherited)",
					"@executable_path/Frameworks",
					"@loader_path/Frameworks",
				);
				PRODUCT_BUNDLE_IDENTIFIER = com.670074760.PlacesNearTests;
				PRODUCT_NAME = "$(TARGET_NAME)";
				SWIFT_VERSION = 4.0;
				TARGETED_DEVICE_FAMILY = "1,2";
				TEST_HOST = "$(BUILT_PRODUCTS_DIR)/PlacesNear.app/PlacesNear";
			};
			name = Debug;
		};
		185869CA215C71890073BAAE /* Release */ = {
			isa = XCBuildConfiguration;
			baseConfigurationReference = E705F4BD0D5800A1F14B4C59 /* Pods-PlacesNearTests.release.xcconfig */;
			buildSettings = {
				ALWAYS_EMBED_SWIFT_STANDARD_LIBRARIES = YES;
				BUNDLE_LOADER = "$(TEST_HOST)";
				CODE_SIGN_STYLE = Automatic;
				INFOPLIST_FILE = PlacesNearTests/Info.plist;
				LD_RUNPATH_SEARCH_PATHS = (
					"$(inherited)",
					"@executable_path/Frameworks",
					"@loader_path/Frameworks",
				);
				PRODUCT_BUNDLE_IDENTIFIER = com.670074760.PlacesNearTests;
				PRODUCT_NAME = "$(TARGET_NAME)";
				SWIFT_VERSION = 4.0;
				TARGETED_DEVICE_FAMILY = "1,2";
				TEST_HOST = "$(BUILT_PRODUCTS_DIR)/PlacesNear.app/PlacesNear";
			};
			name = Release;
		};
		185869CC215C71890073BAAE /* Debug */ = {
			isa = XCBuildConfiguration;
			baseConfigurationReference = 9B302638D174CF739AAD27F2 /* Pods-PlacesNearUITests.debug.xcconfig */;
			buildSettings = {
				ALWAYS_EMBED_SWIFT_STANDARD_LIBRARIES = YES;
				CODE_SIGN_STYLE = Automatic;
				INFOPLIST_FILE = PlacesNearUITests/Info.plist;
				LD_RUNPATH_SEARCH_PATHS = (
					"$(inherited)",
					"@executable_path/Frameworks",
					"@loader_path/Frameworks",
				);
				PRODUCT_BUNDLE_IDENTIFIER = com.670074760.PlacesNearUITests;
				PRODUCT_NAME = "$(TARGET_NAME)";
				SWIFT_VERSION = 4.0;
				TARGETED_DEVICE_FAMILY = "1,2";
				TEST_TARGET_NAME = PlacesNear;
			};
			name = Debug;
		};
		185869CD215C71890073BAAE /* Release */ = {
			isa = XCBuildConfiguration;
			baseConfigurationReference = 4DBD803D7466F9E18A3C912E /* Pods-PlacesNearUITests.release.xcconfig */;
			buildSettings = {
				ALWAYS_EMBED_SWIFT_STANDARD_LIBRARIES = YES;
				CODE_SIGN_STYLE = Automatic;
				INFOPLIST_FILE = PlacesNearUITests/Info.plist;
				LD_RUNPATH_SEARCH_PATHS = (
					"$(inherited)",
					"@executable_path/Frameworks",
					"@loader_path/Frameworks",
				);
				PRODUCT_BUNDLE_IDENTIFIER = com.670074760.PlacesNearUITests;
				PRODUCT_NAME = "$(TARGET_NAME)";
				SWIFT_VERSION = 4.0;
				TARGETED_DEVICE_FAMILY = "1,2";
				TEST_TARGET_NAME = PlacesNear;
			};
			name = Release;
		};
/* End XCBuildConfiguration section */

/* Begin XCConfigurationList section */
		18586998215C71880073BAAE /* Build configuration list for PBXProject "PlacesNear" */ = {
			isa = XCConfigurationList;
			buildConfigurations = (
				185869C3215C71890073BAAE /* Debug */,
				185869C4215C71890073BAAE /* Release */,
			);
			defaultConfigurationIsVisible = 0;
			defaultConfigurationName = Release;
		};
		185869C5215C71890073BAAE /* Build configuration list for PBXNativeTarget "PlacesNear" */ = {
			isa = XCConfigurationList;
			buildConfigurations = (
				185869C6215C71890073BAAE /* Debug */,
				185869C7215C71890073BAAE /* Release */,
			);
			defaultConfigurationIsVisible = 0;
			defaultConfigurationName = Release;
		};
		185869C8215C71890073BAAE /* Build configuration list for PBXNativeTarget "PlacesNearTests" */ = {
			isa = XCConfigurationList;
			buildConfigurations = (
				185869C9215C71890073BAAE /* Debug */,
				185869CA215C71890073BAAE /* Release */,
			);
			defaultConfigurationIsVisible = 0;
			defaultConfigurationName = Release;
		};
		185869CB215C71890073BAAE /* Build configuration list for PBXNativeTarget "PlacesNearUITests" */ = {
			isa = XCConfigurationList;
			buildConfigurations = (
				185869CC215C71890073BAAE /* Debug */,
				185869CD215C71890073BAAE /* Release */,
			);
			defaultConfigurationIsVisible = 0;
			defaultConfigurationName = Release;
		};
/* End XCConfigurationList section */
	};
	rootObject = 18586995215C71880073BAAE /* Project object */;
}
