// !$*UTF8*$!
{
	archiveVersion = 1;
	classes = {
	};
	objectVersion = 50;
	objects = {

/* Begin PBXBuildFile section */
		185869A1215C71880073BAAE /* AppDelegate.swift in Sources */ = {isa = PBXBuildFile; fileRef = 185869A0215C71880073BAAE /* AppDelegate.swift */; };
		185869A8215C71890073BAAE /* Assets.xcassets in Resources */ = {isa = PBXBuildFile; fileRef = 185869A7215C71890073BAAE /* Assets.xcassets */; };
		185869B6215C71890073BAAE /* PlacesNearTests.swift in Sources */ = {isa = PBXBuildFile; fileRef = 185869B5215C71890073BAAE /* PlacesNearTests.swift */; };
		185869C1215C71890073BAAE /* PlacesNearUITests.swift in Sources */ = {isa = PBXBuildFile; fileRef = 185869C0215C71890073BAAE /* PlacesNearUITests.swift */; };
		185869D0215C71D10073BAAE /* PNHomeViewController.swift in Sources */ = {isa = PBXBuildFile; fileRef = 185869CF215C71D10073BAAE /* PNHomeViewController.swift */; };
		185869D7215C803D0073BAAE /* Constant.swift in Sources */ = {isa = PBXBuildFile; fileRef = 185869D6215C803D0073BAAE /* Constant.swift */; };
		5F3839C3AC5C5296BF1E90D0 /* Pods_PlacesNearUITests.framework in Frameworks */ = {isa = PBXBuildFile; fileRef = A4ED9A5A4F5838AE783902B5 /* Pods_PlacesNearUITests.framework */; };
		9926660A023B9291082AE44A /* Pods_PlacesNearTests.framework in Frameworks */ = {isa = PBXBuildFile; fileRef = 103B54AC3069FF5CBBA250D8 /* Pods_PlacesNearTests.framework */; };
		EF17E0B781A47A7F978D9E98 /* Pods_PlacesNear.framework in Frameworks */ = {isa = PBXBuildFile; fileRef = E2C78E24DA1C933D4C9284E1 /* Pods_PlacesNear.framework */; };
/* End PBXBuildFile section */

/* Begin PBXContainerItemProxy section */
		185869B2215C71890073BAAE /* PBXContainerItemProxy */ = {
			isa = PBXContainerItemProxy;
			containerPortal = 18586995215C71880073BAAE /* Project object */;
			proxyType = 1;
			remoteGlobalIDString = 1858699C215C71880073BAAE;
			remoteInfo = PlacesNear;
		};
		185869BD215C71890073BAAE /* PBXContainerItemProxy */ = {
			isa = PBXContainerItemProxy;
			containerPortal = 18586995215C71880073BAAE /* Project object */;
			proxyType = 1;
			remoteGlobalIDString = 1858699C215C71880073BAAE;
			remoteInfo = PlacesNear;
		};
/* End PBXContainerItemProxy section */

/* Begin PBXFileReference section */
		0CFC47869785D030F8EED2AA /* Pods-PlacesNear.debug.xcconfig */ = {isa = PBXFileReference; includeInIndex = 1; lastKnownFileType = text.xcconfig; name = "Pods-PlacesNear.debug.xcconfig"; path = "Pods/Target Support Files/Pods-PlacesNear/Pods-PlacesNear.debug.xcconfig"; sourceTree = "<group>"; };
		103B54AC3069FF5CBBA250D8 /* Pods_PlacesNearTests.framework */ = {isa = PBXFileReference; explicitFileType = wrapper.framework; includeInIndex = 0; path = Pods_PlacesNearTests.framework; sourceTree = BUILT_PRODUCTS_DIR; };
		1858699D215C71880073BAAE /* PlacesNear.app */ = {isa = PBXFileReference; explicitFileType = wrapper.application; includeInIndex = 0; path = PlacesNear.app; sourceTree = BUILT_PRODUCTS_DIR; };
		185869A0215C71880073BAAE /* AppDelegate.swift */ = {isa = PBXFileReference; lastKnownFileType = sourcecode.swift; path = AppDelegate.swift; sourceTree = "<group>"; };
		185869A7215C71890073BAAE /* Assets.xcassets */ = {isa = PBXFileReference; lastKnownFileType = folder.assetcatalog; path = Assets.xcassets; sourceTree = "<group>"; };
		185869AC215C71890073BAAE /* Info.plist */ = {isa = PBXFileReference; lastKnownFileType = text.plist.xml; path = Info.plist; sourceTree = "<group>"; };
		185869B1215C71890073BAAE /* PlacesNearTests.xctest */ = {isa = PBXFileReference; explicitFileType = wrapper.cfbundle; includeInIndex = 0; path = PlacesNearTests.xctest; sourceTree = BUILT_PRODUCTS_DIR; };
		185869B5215C71890073BAAE /* PlacesNearTests.swift */ = {isa = PBXFileReference; lastKnownFileType = sourcecode.swift; path = PlacesNearTests.swift; sourceTree = "<group>"; };
		185869B7215C71890073BAAE /* Info.plist */ = {isa = PBXFileReference; lastKnownFileType = text.plist.xml; path = Info.plist; sourceTree = "<group>"; };
		185869BC215C71890073BAAE /* PlacesNearUITests.xctest */ = {isa = PBXFileReference; explicitFileType = wrapper.cfbundle; includeInIndex = 0; path = PlacesNearUITests.xctest; sourceTree = BUILT_PRODUCTS_DIR; };
		185869C0215C71890073BAAE /* PlacesNearUITests.swift */ = {isa = PBXFileReference; lastKnownFileType = sourcecode.swift; path = PlacesNearUITests.swift; sourceTree = "<group>"; };
		185869C2215C71890073BAAE /* Info.plist */ = {isa = PBXFileReference; lastKnownFileType = text.plist.xml; path = Info.plist; sourceTree = "<group>"; };
		185869CF215C71D10073BAAE /* PNHomeViewController.swift */ = {isa = PBXFileReference; lastKnownFileType = sourcecode.swift; path = PNHomeViewController.swift; sourceTree = "<group>"; };
		185869D1215C7FC20073BAAE /* SnapKit.framework */ = {isa = PBXFileReference; explicitFileType = wrapper.framework; path = SnapKit.framework; sourceTree = BUILT_PRODUCTS_DIR; };
		185869D3215C7FCA0073BAAE /* Alamofire.framework */ = {isa = PBXFileReference; explicitFileType = wrapper.framework; path = Alamofire.framework; sourceTree = BUILT_PRODUCTS_DIR; };
		185869D6215C803D0073BAAE /* Constant.swift */ = {isa = PBXFileReference; lastKnownFileType = sourcecode.swift; path = Constant.swift; sourceTree = "<group>"; };
		185869D8215C84A10073BAAE /* PlacesNear-Bridging-Header.h */ = {isa = PBXFileReference; lastKnownFileType = sourcecode.c.h; path = "PlacesNear-Bridging-Header.h"; sourceTree = "<group>"; };
		185869D9215C8FA00073BAAE /* libcrypto.a */ = {isa = PBXFileReference; lastKnownFileType = archive.ar; name = libcrypto.a; path = Pods/BaiduMapKit/BaiduMapKit/thirdlibs/libcrypto.a; sourceTree = "<group>"; };
		185869DB215C8FB00073BAAE /* libssl.a */ = {isa = PBXFileReference; lastKnownFileType = archive.ar; name = libssl.a; path = Pods/BaiduMapKit/BaiduMapKit/thirdlibs/libssl.a; sourceTree = "<group>"; };
		4DBD803D7466F9E18A3C912E /* Pods-PlacesNearUITests.release.xcconfig */ = {isa = PBXFileReference; includeInIndex = 1; lastKnownFileType = text.xcconfig; name = "Pods-PlacesNearUITests.release.xcconfig"; path = "Pods/Target Support Files/Pods-PlacesNearUITests/Pods-PlacesNearUITests.release.xcconfig"; sourceTree = "<group>"; };
		592CBD239B21C2424318A8FB /* Pods-PlacesNearTests.debug.xcconfig */ = {isa = PBXFileReference; includeInIndex = 1; lastKnownFileType = text.xcconfig; name = "Pods-PlacesNearTests.debug.xcconfig"; path = "Pods/Target Support Files/Pods-PlacesNearTests/Pods-PlacesNearTests.debug.xcconfig"; sourceTree = "<group>"; };
		857B1435D7A618BE22920E44 /* Pods-PlacesNear.release.xcconfig */ = {isa = PBXFileReference; includeInIndex = 1; lastKnownFileType = text.xcconfig; name = "Pods-PlacesNear.release.xcconfig"; path = "Pods/Target Support Files/Pods-PlacesNear/Pods-PlacesNear.release.xcconfig"; sourceTree = "<group>"; };
		9B302638D174CF739AAD27F2 /* Pods-PlacesNearUITests.debug.xcconfig */ = {isa = PBXFileReference; includeInIndex = 1; lastKnownFileType = text.xcconfig; name = "Pods-PlacesNearUITests.debug.xcconfig"; path = "Pods/Target Support Files/Pods-PlacesNearUITests/Pods-PlacesNearUITests.debug.xcconfig"; sourceTree = "<group>"; };
		A4ED9A5A4F5838AE783902B5 /* Pods_PlacesNearUITests.framework */ = {isa = PBXFileReference; explicitFileType = wrapper.framework; includeInIndex = 0; path = Pods_PlacesNearUITests.framework; sourceTree = BUILT_PRODUCTS_DIR; };
		E2C78E24DA1C933D4C9284E1 /* Pods_PlacesNear.framework */ = {isa = PBXFileReference; explicitFileType = wrapper.framework; includeInIndex = 0; path = Pods_PlacesNear.framework; sourceTree = BUILT_PRODUCTS_DIR; };
		E705F4BD0D5800A1F14B4C59 /* Pods-PlacesNearTests.release.xcconfig */ = {isa = PBXFileReference; includeInIndex = 1; lastKnownFileType = text.xcconfig; name = "Pods-PlacesNearTests.release.xcconfig"; path = "Pods/Target Support Files/Pods-PlacesNearTests/Pods-PlacesNearTests.release.xcconfig"; sourceTree = "<group>"; };
/* End PBXFileReference section */

/* Begin PBXFrameworksBuildPhase section */
		1858699A215C71880073BAAE /* Frameworks */ = {
			isa = PBXFrameworksBuildPhase;
			buildActionMask = 2147483647;
			files = (
				EF17E0B781A47A7F978D9E98 /* Pods_PlacesNear.framework in Frameworks */,
			);
			runOnlyForDeploymentPostprocessing = 0;
		};
		185869AE215C71890073BAAE /* Frameworks */ = {
			isa = PBXFrameworksBuildPhase;
			buildActionMask = 2147483647;
			files = (
				9926660A023B9291082AE44A /* Pods_PlacesNearTests.framework in Frameworks */,
			);
			runOnlyForDeploymentPostprocessing = 0;
		};
		185869B9215C71890073BAAE /* Frameworks */ = {
			isa = PBXFrameworksBuildPhase;
			buildActionMask = 2147483647;
			files = (
				5F3839C3AC5C5296BF1E90D0 /* Pods_PlacesNearUITests.framework in Frameworks */,
			);
			runOnlyForDeploymentPostprocessing = 0;
		};
/* End PBXFrameworksBuildPhase section */

/* Begin PBXGroup section */
		18586994215C71880073BAAE = {
			isa = PBXGroup;
			children = (
				1858699F215C71880073BAAE /* PlacesNear */,
				185869B4215C71890073BAAE /* PlacesNearTests */,
				185869BF215C71890073BAAE /* PlacesNearUITests */,
				1858699E215C71880073BAAE /* Products */,
				AD881002B6F5019A49E77C0F /* Pods */,
				23D17E0D24E3CC9548A10949 /* Frameworks */,
			);
			sourceTree = "<group>";
		};
		1858699E215C71880073BAAE /* Products */ = {
			isa = PBXGroup;
			children = (
				1858699D215C71880073BAAE /* PlacesNear.app */,
				185869B1215C71890073BAAE /* PlacesNearTests.xctest */,
				185869BC215C71890073BAAE /* PlacesNearUITests.xctest */,
			);
			name = Products;
			sourceTree = "<group>";
		};
		1858699F215C71880073BAAE /* PlacesNear */ = {
			isa = PBXGroup;
			children = (
				185869D5215C80080073BAAE /* common */,
				185869CE215C71B50073BAAE /* home */,
				185869A0215C71880073BAAE /* AppDelegate.swift */,
				185869A7215C71890073BAAE /* Assets.xcassets */,
				185869AC215C71890073BAAE /* Info.plist */,
			);
			path = PlacesNear;
			sourceTree = "<group>";
		};
		185869B4215C71890073BAAE /* PlacesNearTests */ = {
			isa = PBXGroup;
			children = (
				185869B5215C71890073BAAE /* PlacesNearTests.swift */,
				185869B7215C71890073BAAE /* Info.plist */,
			);
			path = PlacesNearTests;
			sourceTree = "<group>";
		};
		185869BF215C71890073BAAE /* PlacesNearUITests */ = {
			isa = PBXGroup;
			children = (
				185869C0215C71890073BAAE /* PlacesNearUITests.swift */,
				185869C2215C71890073BAAE /* Info.plist */,
			);
			path = PlacesNearUITests;
			sourceTree = "<group>";
		};
		185869CE215C71B50073BAAE /* home */ = {
			isa = PBXGroup;
			children = (
				185869CF215C71D10073BAAE /* PNHomeViewController.swift */,
			);
			path = home;
			sourceTree = "<group>";
		};
		185869D5215C80080073BAAE /* common */ = {
			isa = PBXGroup;
			children = (
				185869D6215C803D0073BAAE /* Constant.swift */,
				185869D8215C84A10073BAAE /* PlacesNear-Bridging-Header.h */,
			);
			path = common;
			sourceTree = "<group>";
		};
		23D17E0D24E3CC9548A10949 /* Frameworks */ = {
			isa = PBXGroup;
			children = (
				185869DB215C8FB00073BAAE /* libssl.a */,
				185869D9215C8FA00073BAAE /* libcrypto.a */,
				185869D3215C7FCA0073BAAE /* Alamofire.framework */,
				185869D1215C7FC20073BAAE /* SnapKit.framework */,
				E2C78E24DA1C933D4C9284E1 /* Pods_PlacesNear.framework */,
				103B54AC3069FF5CBBA250D8 /* Pods_PlacesNearTests.framework */,
				A4ED9A5A4F5838AE783902B5 /* Pods_PlacesNearUITests.framework */,
			);
			name = Frameworks;
			sourceTree = "<group>";
		};
		AD881002B6F5019A49E77C0F /* Pods */ = {
			isa = PBXGroup;
			children = (
				0CFC47869785D030F8EED2AA /* Pods-PlacesNear.debug.xcconfig */,
				857B1435D7A618BE22920E44 /* Pods-PlacesNear.release.xcconfig */,
				592CBD239B21C2424318A8FB /* Pods-PlacesNearTests.debug.xcconfig */,
				E705F4BD0D5800A1F14B4C59 /* Pods-PlacesNearTests.release.xcconfig */,
				9B302638D174CF739AAD27F2 /* Pods-PlacesNearUITests.debug.xcconfig */,
				4DBD803D7466F9E18A3C912E /* Pods-PlacesNearUITests.release.xcconfig */,
			);
			name = Pods;
			sourceTree = "<group>";
		};
/* End PBXGroup section */

/* Begin PBXNativeTarget section */
		1858699C215C71880073BAAE /* PlacesNear */ = {
			isa = PBXNativeTarget;
			buildConfigurationList = 185869C5215C71890073BAAE /* Build configuration list for PBXNativeTarget "PlacesNear" */;
			buildPhases = (
				C14821B71E9EDE053EA56210 /* [CP] Check Pods Manifest.lock */,
				18586999215C71880073BAAE /* Sources */,
				1858699A215C71880073BAAE /* Frameworks */,
				1858699B215C71880073BAAE /* Resources */,
				6A5A32608B9236794A7D6F60 /* [CP] Embed Pods Frameworks */,
				CFC57917D8345EC640791607 /* [CP] Copy Pods Resources */,
			);
			buildRules = (
			);
			dependencies = (
			);
			name = PlacesNear;
			productName = PlacesNear;
			productReference = 1858699D215C71880073BAAE /* PlacesNear.app */;
			productType = "com.apple.product-type.application";
		};
		185869B0215C71890073BAAE /* PlacesNearTests */ = {
			isa = PBXNativeTarget;
			buildConfigurationList = 185869C8215C71890073BAAE /* Build configuration list for PBXNativeTarget "PlacesNearTests" */;
			buildPhases = (
				3D2534A66BEBF3AEBA09A89D /* [CP] Check Pods Manifest.lock */,
				185869AD215C71890073BAAE /* Sources */,
				185869AE215C71890073BAAE /* Frameworks */,
				185869AF215C71890073BAAE /* Resources */,
			);
			buildRules = (
			);
			dependencies = (
				185869B3215C71890073BAAE /* PBXTargetDependency */,
			);
			name = PlacesNearTests;
			productName = PlacesNearTests;
			productReference = 185869B1215C71890073BAAE /* PlacesNearTests.xctest */;
			productType = "com.apple.product-type.bundle.unit-test";
		};
		185869BB215C71890073BAAE /* PlacesNearUITests */ = {
			isa = PBXNativeTarget;
			buildConfigurationList = 185869CB215C71890073BAAE /* Build configuration list for PBXNativeTarget "PlacesNearUITests" */;
			buildPhases = (
				9C1271B0B3B53BBE16C134D9 /* [CP] Check Pods Manifest.lock */,
				185869B8215C71890073BAAE /* Sources */,
				185869B9215C71890073BAAE /* Frameworks */,
				185869BA215C71890073BAAE /* Resources */,
			);
			buildRules = (
			);
			dependencies = (
				185869BE215C71890073BAAE /* PBXTargetDependency */,
			);
			name = PlacesNearUITests;
			productName = PlacesNearUITests;
			productReference = 185869BC215C71890073BAAE /* PlacesNearUITests.xctest */;
			productType = "com.apple.product-type.bundle.ui-testing";
		};
/* End PBXNativeTarget section */

/* Begin PBXProject section */
		18586995215C71880073BAAE /* Project object */ = {
			isa = PBXProject;
			attributes = {
				CLASSPREFIX = PN;
				LastSwiftUpdateCheck = 0940;
				LastUpgradeCheck = 0940;
				ORGANIZATIONNAME = zsx;
				TargetAttributes = {
					1858699C215C71880073BAAE = {
						CreatedOnToolsVersion = 9.4.1;
					};
					185869B0215C71890073BAAE = {
						CreatedOnToolsVersion = 9.4.1;
						TestTargetID = 1858699C215C71880073BAAE;
					};
					185869BB215C71890073BAAE = {
						CreatedOnToolsVersion = 9.4.1;
						TestTargetID = 1858699C215C71880073BAAE;
					};
				};
			};
			buildConfigurationList = 18586998215C71880073BAAE /* Build configuration list for PBXProject "PlacesNear" */;
			compatibilityVersion = "Xcode 9.3";
			developmentRegion = en;
			hasScannedForEncodings = 0;
			knownRegions = (
				en,
				Base,
			);
			mainGroup = 18586994215C71880073BAAE;
			productRefGroup = 1858699E215C71880073BAAE /* Products */;
			projectDirPath = "";
			projectRoot = "";
			targets = (
				1858699C215C71880073BAAE /* PlacesNear */,
				185869B0215C71890073BAAE /* PlacesNearTests */,
				185869BB215C71890073BAAE /* PlacesNearUITests */,
			);
		};
/* End PBXProject section */

/* Begin PBXResourcesBuildPhase section */
		1858699B215C71880073BAAE /* Resources */ = {
			isa = PBXResourcesBuildPhase;
			buildActionMask = 2147483647;
			files = (
				185869A8215C71890073BAAE /* Assets.xcassets in Resources */,
			);
			runOnlyForDeploymentPostprocessing = 0;
		};
		185869AF215C71890073BAAE /* Resources */ = {
			isa = PBXResourcesBuildPhase;
			buildActionMask = 2147483647;
			files = (
			);
			runOnlyForDeploymentPostprocessing = 0;
		};
		185869BA215C71890073BAAE /* Resources */ = {
			isa = PBXResourcesBuildPhase;
			buildActionMask = 2147483647;
			files = (
			);
			runOnlyForDeploymentPostprocessing = 0;
		};
/* End PBXResourcesBuildPhase section */

/* Begin PBXShellScriptBuildPhase section */
		3D2534A66BEBF3AEBA09A89D /* [CP] Check Pods Manifest.lock */ = {
			isa = PBXShellScriptBuildPhase;
			buildActionMask = 2147483647;
			files = (
			);
			inputPaths = (
				"${PODS_PODFILE_DIR_PATH}/Podfile.lock",
				"${PODS_ROOT}/Manifest.lock",
			);
			name = "[CP] Check Pods Manifest.lock";
			outputPaths = (
				"$(DERIVED_FILE_DIR)/Pods-PlacesNearTests-checkManifestLockResult.txt",
			);
			runOnlyForDeploymentPostprocessing = 0;
			shellPath = /bin/sh;
			shellScript = "diff \"${PODS_PODFILE_DIR_PATH}/Podfile.lock\" \"${PODS_ROOT}/Manifest.lock\" > /dev/null\nif [ $? != 0 ] ; then\n    # print error to STDERR\n    echo \"error: The sandbox is not in sync with the Podfile.lock. Run 'pod install' or update your CocoaPods installation.\" >&2\n    exit 1\nfi\n# This output is used by Xcode 'outputs' to avoid re-running this script phase.\necho \"SUCCESS\" > \"${SCRIPT_OUTPUT_FILE_0}\"\n";
			showEnvVarsInLog = 0;
		};
		6A5A32608B9236794A7D6F60 /* [CP] Embed Pods Frameworks */ = {
			isa = PBXShellScriptBuildPhase;
			buildActionMask = 2147483647;
			files = (
			);
			inputPaths = (
				"${SRCROOT}/Pods/Target Support Files/Pods-PlacesNear/Pods-PlacesNear-frameworks.sh",
				"${BUILT_PRODUCTS_DIR}/Alamofire/Alamofire.framework",
				"${BUILT_PRODUCTS_DIR}/HandyJSON/HandyJSON.framework",
				"${BUILT_PRODUCTS_DIR}/RxSwift/RxSwift.framework",
				"${BUILT_PRODUCTS_DIR}/SnapKit/SnapKit.framework",
			);
			name = "[CP] Embed Pods Frameworks";
			outputPaths = (
				"${TARGET_BUILD_DIR}/${FRAMEWORKS_FOLDER_PATH}/Alamofire.framework",
				"${TARGET_BUILD_DIR}/${FRAMEWORKS_FOLDER_PATH}/HandyJSON.framework",
				"${TARGET_BUILD_DIR}/${FRAMEWORKS_FOLDER_PATH}/RxSwift.framework",
				"${TARGET_BUILD_DIR}/${FRAMEWORKS_FOLDER_PATH}/SnapKit.framework",
			);
			runOnlyForDeploymentPostprocessing = 0;
			shellPath = /bin/sh;
			shellScript = "\"${SRCROOT}/Pods/Target Support Files/Pods-PlacesNear/Pods-PlacesNear-frameworks.sh\"\n";
			showEnvVarsInLog = 0;
		};
		9C1271B0B3B53BBE16C134D9 /* [CP] Check Pods Manifest.lock */ = {
			isa = PBXShellScriptBuildPhase;
			buildActionMask = 2147483647;
			files = (
			);
			inputPaths = (
				"${PODS_PODFILE_DIR_PATH}/Podfile.lock",
				"${PODS_ROOT}/Manifest.lock",
			);
			name = "[CP] Check Pods Manifest.lock";
			outputPaths = (
				"$(DERIVED_FILE_DIR)/Pods-PlacesNearUITests-checkManifestLockResult.txt",
			);
			runOnlyForDeploymentPostprocessing = 0;
			shellPath = /bin/sh;
			shellScript = "diff \"${PODS_PODFILE_DIR_PATH}/Podfile.lock\" \"${PODS_ROOT}/Manifest.lock\" > /dev/null\nif [ $? != 0 ] ; then\n    # print error to STDERR\n    echo \"error: The sandbox is not in sync with the Podfile.lock. Run 'pod install' or update your CocoaPods installation.\" >&2\n    exit 1\nfi\n# This output is used by Xcode 'outputs' to avoid re-running this script phase.\necho \"SUCCESS\" > \"${SCRIPT_OUTPUT_FILE_0}\"\n";
			showEnvVarsInLog = 0;
		};
		C14821B71E9EDE053EA56210 /* [CP] Check Pods Manifest.lock */ = {
			isa = PBXShellScriptBuildPhase;
			buildActionMask = 2147483647;
			files = (
			);
			inputPaths = (
				"${PODS_PODFILE_DIR_PATH}/Podfile.lock",
				"${PODS_ROOT}/Manifest.lock",
			);
			name = "[CP] Check Pods Manifest.lock";
			outputPaths = (
				"$(DERIVED_FILE_DIR)/Pods-PlacesNear-checkManifestLockResult.txt",
			);
			runOnlyForDeploymentPostprocessing = 0;
			shellPath = /bin/sh;
			shellScript = "diff \"${PODS_PODFILE_DIR_PATH}/Podfile.lock\" \"${PODS_ROOT}/Manifest.lock\" > /dev/null\nif [ $? != 0 ] ; then\n    # print error to STDERR\n    echo \"error: The sandbox is not in sync with the Podfile.lock. Run 'pod install' or update your CocoaPods installation.\" >&2\n    exit 1\nfi\n# This output is used by Xcode 'outputs' to avoid re-running this script phase.\necho \"SUCCESS\" > \"${SCRIPT_OUTPUT_FILE_0}\"\n";
			showEnvVarsInLog = 0;
		};
		CFC57917D8345EC640791607 /* [CP] Copy Pods Resources */ = {
			isa = PBXShellScriptBuildPhase;
			buildActionMask = 2147483647;
			files = (
			);
			inputPaths = (
				"${SRCROOT}/Pods/Target Support Files/Pods-PlacesNear/Pods-PlacesNear-resources.sh",
				"${PODS_ROOT}/BaiduMapKit/BaiduMapKit/BaiduMapAPI_Map.framework/mapapi.bundle",
			);
			name = "[CP] Copy Pods Resources";
			outputPaths = (
				"${TARGET_BUILD_DIR}/${UNLOCALIZED_RESOURCES_FOLDER_PATH}/mapapi.bundle",
			);
			runOnlyForDeploymentPostprocessing = 0;
			shellPath = /bin/sh;
			shellScript = "\"${SRCROOT}/Pods/Target Support Files/Pods-PlacesNear/Pods-PlacesNear-resources.sh\"\n";
			showEnvVarsInLog = 0;
		};
/* End PBXShellScriptBuildPhase section */

/* Begin PBXSourcesBuildPhase section */
		18586999215C71880073BAAE /* Sources */ = {
			isa = PBXSourcesBuildPhase;
			buildActionMask = 2147483647;
			files = (
				185869A1215C71880073BAAE /* AppDelegate.swift in Sources */,
				185869D0215C71D10073BAAE /* PNHomeViewController.swift in Sources */,
				185869D7215C803D0073BAAE /* Constant.swift in Sources */,
			);
			runOnlyForDeploymentPostprocessing = 0;
		};
		185869AD215C71890073BAAE /* Sources */ = {
			isa = PBXSourcesBuildPhase;
			buildActionMask = 2147483647;
			files = (
				185869B6215C71890073BAAE /* PlacesNearTests.swift in Sources */,
			);
			runOnlyForDeploymentPostprocessing = 0;
		};
		185869B8215C71890073BAAE /* Sources */ = {
			isa = PBXSourcesBuildPhase;
			buildActionMask = 2147483647;
			files = (
				185869C1215C71890073BAAE /* PlacesNearUITests.swift in Sources */,
			);
			runOnlyForDeploymentPostprocessing = 0;
		};
/* End PBXSourcesBuildPhase section */

/* Begin PBXTargetDependency section */
		185869B3215C71890073BAAE /* PBXTargetDependency */ = {
			isa = PBXTargetDependency;
			target = 1858699C215C71880073BAAE /* PlacesNear */;
			targetProxy = 185869B2215C71890073BAAE /* PBXContainerItemProxy */;
		};
		185869BE215C71890073BAAE /* PBXTargetDependency */ = {
			isa = PBXTargetDependency;
			target = 1858699C215C71880073BAAE /* PlacesNear */;
			targetProxy = 185869BD215C71890073BAAE /* PBXContainerItemProxy */;
		};
/* End PBXTargetDependency section */

/* Begin XCBuildConfiguration section */
		185869C3215C71890073BAAE /* Debug */ = {
			isa = XCBuildConfiguration;
			buildSettings = {
				ALWAYS_SEARCH_USER_PATHS = NO;
				CLANG_ANALYZER_NONNULL = YES;
				CLANG_ANALYZER_NUMBER_OBJECT_CONVERSION = YES_AGGRESSIVE;
				CLANG_CXX_LANGUAGE_STANDARD = "gnu++14";
				CLANG_CXX_LIBRARY = "libc++";
				CLANG_ENABLE_MODULES = YES;
				CLANG_ENABLE_OBJC_ARC = YES;
				CLANG_ENABLE_OBJC_WEAK = YES;
				CLANG_WARN_BLOCK_CAPTURE_AUTORELEASING = YES;
				CLANG_WARN_BOOL_CONVERSION = YES;
				CLANG_WARN_COMMA = YES;
				CLANG_WARN_CONSTANT_CONVERSION = YES;
				CLANG_WARN_DEPRECATED_OBJC_IMPLEMENTATIONS = YES;
				CLANG_WARN_DIRECT_OBJC_ISA_USAGE = YES_ERROR;
				CLANG_WARN_DOCUMENTATION_COMMENTS = YES;
				CLANG_WARN_EMPTY_BODY = YES;
				CLANG_WARN_ENUM_CONVERSION = YES;
				CLANG_WARN_INFINITE_RECURSION = YES;
				CLANG_WARN_INT_CONVERSION = YES;
				CLANG_WARN_NON_LITERAL_NULL_CONVERSION = YES;
				CLANG_WARN_OBJC_IMPLICIT_RETAIN_SELF = YES;
				CLANG_WARN_OBJC_LITERAL_CONVERSION = YES;
				CLANG_WARN_OBJC_ROOT_CLASS = YES_ERROR;
				CLANG_WARN_RANGE_LOOP_ANALYSIS = YES;
				CLANG_WARN_STRICT_PROTOTYPES = YES;
				CLANG_WARN_SUSPICIOUS_MOVE = YES;
				CLANG_WARN_UNGUARDED_AVAILABILITY = YES_AGGRESSIVE;
				CLANG_WARN_UNREACHABLE_CODE = YES;
				CLANG_WARN__DUPLICATE_METHOD_MATCH = YES;
				CODE_SIGN_IDENTITY = "iPhone Developer";
				COPY_PHASE_STRIP = NO;
				DEBUG_INFORMATION_FORMAT = dwarf;
				ENABLE_STRICT_OBJC_MSGSEND = YES;
				ENABLE_TESTABILITY = YES;
				GCC_C_LANGUAGE_STANDARD = gnu11;
				GCC_DYNAMIC_NO_PIC = NO;
				GCC_NO_COMMON_BLOCKS = YES;
				GCC_OPTIMIZATION_LEVEL = 0;
				GCC_PREPROCESSOR_DEFINITIONS = (
					"DEBUG=1",
					"$(inherited)",
				);
				GCC_WARN_64_TO_32_BIT_CONVERSION = YES;
				GCC_WARN_ABOUT_RETURN_TYPE = YES_ERROR;
				GCC_WARN_UNDECLARED_SELECTOR = YES;
				GCC_WARN_UNINITIALIZED_AUTOS = YES_AGGRESSIVE;
				GCC_WARN_UNUSED_FUNCTION = YES;
				GCC_WARN_UNUSED_VARIABLE = YES;
				IPHONEOS_DEPLOYMENT_TARGET = 11.4;
				MTL_ENABLE_DEBUG_INFO = YES;
				ONLY_ACTIVE_ARCH = YES;
				SDKROOT = iphoneos;
				SWIFT_ACTIVE_COMPILATION_CONDITIONS = DEBUG;
				SWIFT_OPTIMIZATION_LEVEL = "-Onone";
			};
			name = Debug;
		};
		185869C4215C71890073BAAE /* Release */ = {
			isa = XCBuildConfiguration;
			buildSettings = {
				ALWAYS_SEARCH_USER_PATHS = NO;
				CLANG_ANALYZER_NONNULL = YES;
				CLANG_ANALYZER_NUMBER_OBJECT_CONVERSION = YES_AGGRESSIVE;
				CLANG_CXX_LANGUAGE_STANDARD = "gnu++14";
				CLANG_CXX_LIBRARY = "libc++";
				CLANG_ENABLE_MODULES = YES;
				CLANG_ENABLE_OBJC_ARC = YES;
				CLANG_ENABLE_OBJC_WEAK = YES;
				CLANG_WARN_BLOCK_CAPTURE_AUTORELEASING = YES;
				CLANG_WARN_BOOL_CONVERSION = YES;
				CLANG_WARN_COMMA = YES;
				CLANG_WARN_CONSTANT_CONVERSION = YES;
				CLANG_WARN_DEPRECATED_OBJC_IMPLEMENTATIONS = YES;
				CLANG_WARN_DIRECT_OBJC_ISA_USAGE = YES_ERROR;
				CLANG_WARN_DOCUMENTATION_COMMENTS = YES;
				CLANG_WARN_EMPTY_BODY = YES;
				CLANG_WARN_ENUM_CONVERSION = YES;
				CLANG_WARN_INFINITE_RECURSION = YES;
				CLANG_WARN_INT_CONVERSION = YES;
				CLANG_WARN_NON_LITERAL_NULL_CONVERSION = YES;
				CLANG_WARN_OBJC_IMPLICIT_RETAIN_SELF = YES;
				CLANG_WARN_OBJC_LITERAL_CONVERSION = YES;
				CLANG_WARN_OBJC_ROOT_CLASS = YES_ERROR;
				CLANG_WARN_RANGE_LOOP_ANALYSIS = YES;
				CLANG_WARN_STRICT_PROTOTYPES = YES;
				CLANG_WARN_SUSPICIOUS_MOVE = YES;
				CLANG_WARN_UNGUARDED_AVAILABILITY = YES_AGGRESSIVE;
				CLANG_WARN_UNREACHABLE_CODE = YES;
				CLANG_WARN__DUPLICATE_METHOD_MATCH = YES;
				CODE_SIGN_IDENTITY = "iPhone Developer";
				COPY_PHASE_STRIP = NO;
				DEBUG_INFORMATION_FORMAT = "dwarf-with-dsym";
				ENABLE_NS_ASSERTIONS = NO;
				ENABLE_STRICT_OBJC_MSGSEND = YES;
				GCC_C_LANGUAGE_STANDARD = gnu11;
				GCC_NO_COMMON_BLOCKS = YES;
				GCC_WARN_64_TO_32_BIT_CONVERSION = YES;
				GCC_WARN_ABOUT_RETURN_TYPE = YES_ERROR;
				GCC_WARN_UNDECLARED_SELECTOR = YES;
				GCC_WARN_UNINITIALIZED_AUTOS = YES_AGGRESSIVE;
				GCC_WARN_UNUSED_FUNCTION = YES;
				GCC_WARN_UNUSED_VARIABLE = YES;
				IPHONEOS_DEPLOYMENT_TARGET = 11.4;
				MTL_ENABLE_DEBUG_INFO = NO;
				SDKROOT = iphoneos;
				SWIFT_COMPILATION_MODE = wholemodule;
				SWIFT_OPTIMIZATION_LEVEL = "-O";
				VALIDATE_PRODUCT = YES;
			};
			name = Release;
		};
		185869C6215C71890073BAAE /* Debug */ = {
			isa = XCBuildConfiguration;
			baseConfigurationReference = 0CFC47869785D030F8EED2AA /* Pods-PlacesNear.debug.xcconfig */;
			buildSettings = {
				ASSETCATALOG_COMPILER_APPICON_NAME = AppIcon;
				CODE_SIGN_STYLE = Automatic;
				DEVELOPMENT_TEAM = 33AL5727R8;
				GCC_INPUT_FILETYPE = sourcecode.cpp.objcpp;
				INFOPLIST_FILE = PlacesNear/Info.plist;
				IPHONEOS_DEPLOYMENT_TARGET = 9.0;
				LD_RUNPATH_SEARCH_PATHS = (
					"$(inherited)",
					"@executable_path/Frameworks",
				);
				LIBRARY_SEARCH_PATHS = (
					"$(inherited)",
					"$(PROJECT_DIR)/Pods/BaiduMapKit/BaiduMapKit/thirdlibs",
				);
				PRODUCT_BUNDLE_IDENTIFIER = com.670074760.PlacesNear;
				PRODUCT_NAME = "$(TARGET_NAME)";
				SWIFT_OBJC_BRIDGING_HEADER = "PlacesNear/common/PlacesNear-Bridging-Header.h";
				SWIFT_VERSION = 4.0;
				TARGETED_DEVICE_FAMILY = "1,2";
			};
			name = Debug;
		};
		185869C7215C71890073BAAE /* Release */ = {
			isa = XCBuildConfiguration;
			baseConfigurationReference = 857B1435D7A618BE22920E44 /* Pods-PlacesNear.release.xcconfig */;
			buildSettings = {
				ASSETCATALOG_COMPILER_APPICON_NAME = AppIcon;
				CODE_SIGN_STYLE = Automatic;
				DEVELOPMENT_TEAM = 33AL5727R8;
				GCC_INPUT_FILETYPE = sourcecode.cpp.objcpp;
				INFOPLIST_FILE = PlacesNear/Info.plist;
				IPHONEOS_DEPLOYMENT_TARGET = 9.0;
				LD_RUNPATH_SEARCH_PATHS = (
					"$(inherited)",
					"@executable_path/Frameworks",
				);
				LIBRARY_SEARCH_PATHS = (
					"$(inherited)",
					"$(PROJECT_DIR)/Pods/BaiduMapKit/BaiduMapKit/thirdlibs",
				);
				PRODUCT_BUNDLE_IDENTIFIER = com.670074760.PlacesNear;
				PRODUCT_NAME = "$(TARGET_NAME)";
				SWIFT_OBJC_BRIDGING_HEADER = "PlacesNear/common/PlacesNear-Bridging-Header.h";
				SWIFT_VERSION = 4.0;
				TARGETED_DEVICE_FAMILY = "1,2";
			};
			name = Release;
		};
		185869C9215C71890073BAAE /* Debug */ = {
			isa = XCBuildConfiguration;
			baseConfigurationReference = 592CBD239B21C2424318A8FB /* Pods-PlacesNearTests.debug.xcconfig */;
			buildSettings = {
				ALWAYS_EMBED_SWIFT_STANDARD_LIBRARIES = YES;
				BUNDLE_LOADER = "$(TEST_HOST)";
				CODE_SIGN_STYLE = Automatic;
				INFOPLIST_FILE = PlacesNearTests/Info.plist;
				LD_RUNPATH_SEARCH_PATHS = (
					"$(inherited)",
					"@executable_path/Frameworks",
					"@loader_path/Frameworks",
				);
				PRODUCT_BUNDLE_IDENTIFIER = com.670074760.PlacesNearTests;
				PRODUCT_NAME = "$(TARGET_NAME)";
				SWIFT_VERSION = 4.0;
				TARGETED_DEVICE_FAMILY = "1,2";
				TEST_HOST = "$(BUILT_PRODUCTS_DIR)/PlacesNear.app/PlacesNear";
			};
			name = Debug;
		};
		185869CA215C71890073BAAE /* Release */ = {
			isa = XCBuildConfiguration;
			baseConfigurationReference = E705F4BD0D5800A1F14B4C59 /* Pods-PlacesNearTests.release.xcconfig */;
			buildSettings = {
				ALWAYS_EMBED_SWIFT_STANDARD_LIBRARIES = YES;
				BUNDLE_LOADER = "$(TEST_HOST)";
				CODE_SIGN_STYLE = Automatic;
				INFOPLIST_FILE = PlacesNearTests/Info.plist;
				LD_RUNPATH_SEARCH_PATHS = (
					"$(inherited)",
					"@executable_path/Frameworks",
					"@loader_path/Frameworks",
				);
				PRODUCT_BUNDLE_IDENTIFIER = com.670074760.PlacesNearTests;
				PRODUCT_NAME = "$(TARGET_NAME)";
				SWIFT_VERSION = 4.0;
				TARGETED_DEVICE_FAMILY = "1,2";
				TEST_HOST = "$(BUILT_PRODUCTS_DIR)/PlacesNear.app/PlacesNear";
			};
			name = Release;
		};
		185869CC215C71890073BAAE /* Debug */ = {
			isa = XCBuildConfiguration;
			baseConfigurationReference = 9B302638D174CF739AAD27F2 /* Pods-PlacesNearUITests.debug.xcconfig */;
			buildSettings = {
				ALWAYS_EMBED_SWIFT_STANDARD_LIBRARIES = YES;
				CODE_SIGN_STYLE = Automatic;
				INFOPLIST_FILE = PlacesNearUITests/Info.plist;
				LD_RUNPATH_SEARCH_PATHS = (
					"$(inherited)",
					"@executable_path/Frameworks",
					"@loader_path/Frameworks",
				);
				PRODUCT_BUNDLE_IDENTIFIER = com.670074760.PlacesNearUITests;
				PRODUCT_NAME = "$(TARGET_NAME)";
				SWIFT_VERSION = 4.0;
				TARGETED_DEVICE_FAMILY = "1,2";
				TEST_TARGET_NAME = PlacesNear;
			};
			name = Debug;
		};
		185869CD215C71890073BAAE /* Release */ = {
			isa = XCBuildConfiguration;
			baseConfigurationReference = 4DBD803D7466F9E18A3C912E /* Pods-PlacesNearUITests.release.xcconfig */;
			buildSettings = {
				ALWAYS_EMBED_SWIFT_STANDARD_LIBRARIES = YES;
				CODE_SIGN_STYLE = Automatic;
				INFOPLIST_FILE = PlacesNearUITests/Info.plist;
				LD_RUNPATH_SEARCH_PATHS = (
					"$(inherited)",
					"@executable_path/Frameworks",
					"@loader_path/Frameworks",
				);
				PRODUCT_BUNDLE_IDENTIFIER = com.670074760.PlacesNearUITests;
				PRODUCT_NAME = "$(TARGET_NAME)";
				SWIFT_VERSION = 4.0;
				TARGETED_DEVICE_FAMILY = "1,2";
				TEST_TARGET_NAME = PlacesNear;
			};
			name = Release;
		};
/* End XCBuildConfiguration section */

/* Begin XCConfigurationList section */
		18586998215C71880073BAAE /* Build configuration list for PBXProject "PlacesNear" */ = {
			isa = XCConfigurationList;
			buildConfigurations = (
				185869C3215C71890073BAAE /* Debug */,
				185869C4215C71890073BAAE /* Release */,
			);
			defaultConfigurationIsVisible = 0;
			defaultConfigurationName = Release;
		};
		185869C5215C71890073BAAE /* Build configuration list for PBXNativeTarget "PlacesNear" */ = {
			isa = XCConfigurationList;
			buildConfigurations = (
				185869C6215C71890073BAAE /* Debug */,
				185869C7215C71890073BAAE /* Release */,
			);
			defaultConfigurationIsVisible = 0;
			defaultConfigurationName = Release;
		};
		185869C8215C71890073BAAE /* Build configuration list for PBXNativeTarget "PlacesNearTests" */ = {
			isa = XCConfigurationList;
			buildConfigurations = (
				185869C9215C71890073BAAE /* Debug */,
				185869CA215C71890073BAAE /* Release */,
			);
			defaultConfigurationIsVisible = 0;
			defaultConfigurationName = Release;
		};
		185869CB215C71890073BAAE /* Build configuration list for PBXNativeTarget "PlacesNearUITests" */ = {
			isa = XCConfigurationList;
			buildConfigurations = (
				185869CC215C71890073BAAE /* Debug */,
				185869CD215C71890073BAAE /* Release */,
			);
			defaultConfigurationIsVisible = 0;
			defaultConfigurationName = Release;
		};
/* End XCConfigurationList section */
	};
	rootObject = 18586995215C71880073BAAE /* Project object */;
}
